// !$*UTF8*$!
{
	archiveVersion = 1;
	classes = {
	};
	objectVersion = 71;
	objects = {

/* Begin PBXBuildFile section */
		0387FE1FF9C0A81358EFB835643EBCF6 /* CornerHoverStateMachineTests.swift in Sources */ = {isa = PBXBuildFile; fileRef = 7787F31A912022D86738A41FA6F6799F /* CornerHoverStateMachineTests.swift */; };
		05825C1AB567EF7A7EF808DEE63C7D37 /* GlobalHotKey.swift in Sources */ = {isa = PBXBuildFile; fileRef = D8A4ED1C1CC59C6D9C553049D7584847 /* GlobalHotKey.swift */; };
		07A81ABCCEDE26422FDF6DA18DC86504 /* DailyCleanupServiceTests.swift in Sources */ = {isa = PBXBuildFile; fileRef = A692C1D69690FDE38EC9912DE4BBD5D0 /* DailyCleanupServiceTests.swift */; };
		08AF9B2EE1753005191A6E34C0AC42D8 /* DailyCleanupService.swift in Sources */ = {isa = PBXBuildFile; fileRef = 263E4B6C209716B01F907E7F9A96F1FF /* DailyCleanupService.swift */; };
		0C70064A55799A41FD06C3D1FBF9A281 /* MenuBarView.swift in Sources */ = {isa = PBXBuildFile; fileRef = 8B3805099BFB308DE20B986584903DE1 /* MenuBarView.swift */; };
		0E31441517A01E6AC90F980E9736734F /* PeekabooStyle.swift in Sources */ = {isa = PBXBuildFile; fileRef = 32333450D6AD03159B5CA43123A8EF4C /* PeekabooStyle.swift */; };
		1128B5A702DBD11285083042F2BC6288 /* PersistenceController.swift in Sources */ = {isa = PBXBuildFile; fileRef = 3AC576A82977497237BEC6EB59AAFFA6 /* PersistenceController.swift */; };
		18494C4298797230F2D114774289E8E0 /* PeekPanelView.swift in Sources */ = {isa = PBXBuildFile; fileRef = F9E06477DE14229FB5C49813AAD02C47 /* PeekPanelView.swift */; };
		2100544593C9DCC1624F4AD52C8471F5 /* TaskStore.swift in Sources */ = {isa = PBXBuildFile; fileRef = CFD5F849A92BED5F4D55DB104A692C49 /* TaskStore.swift */; };
		24F1FEC603EF9949A33F8F806AB32228 /* TaskComposerView.swift in Sources */ = {isa = PBXBuildFile; fileRef = 20D644522856A5BE0903CBDFFC872D6D /* TaskComposerView.swift */; };
		25886835CCC3CBA6A1ECA8C9C2AAA9EB /* SettingsWindowController.swift in Sources */ = {isa = PBXBuildFile; fileRef = 087BA76D2BBF25BE3559A53ADEE3F417 /* SettingsWindowController.swift */; };
		2893EE0CF0366BFD480C8CE1EF86F995 /* TaskStatusButton.swift in Sources */ = {isa = PBXBuildFile; fileRef = 591F76B7D96AC97BEB959C7FD95F9554 /* TaskStatusButton.swift */; };
		2C0F6EC861E7275AB08AADE01A7E2734 /* SettingsView.swift in Sources */ = {isa = PBXBuildFile; fileRef = 31753CC20480A65E17BA34D24C85F1D9 /* SettingsView.swift */; };
		3526BA010AECF8A74A8DF1A605E00091 /* PanelGeometryTests.swift in Sources */ = {isa = PBXBuildFile; fileRef = 9600112586A88F9E251C0E6B5E17295F /* PanelGeometryTests.swift */; };
		4B056436AC4516F305A73F839B6C5322 /* Assets.xcassets in Resources */ = {isa = PBXBuildFile; fileRef = 62DE2A7CB17D50CF5D954630F3E949D0 /* Assets.xcassets */; };
		5324656A64AA430E4C56364B34762374 /* PeekPanel.swift in Sources */ = {isa = PBXBuildFile; fileRef = E0AA1D0393850C57710BA772A05C82FB /* PeekPanel.swift */; };
		5684F2E3E474D4A4D784FE280C80C145 /* PeekabooApp.swift in Sources */ = {isa = PBXBuildFile; fileRef = C9F9CEE7DB20A4243827ECD97F448ED4 /* PeekabooApp.swift */; };
		5D93899C891A50CFD63761EA2DE35E52 /* AppSettings.swift in Sources */ = {isa = PBXBuildFile; fileRef = EF5AFBC86133253C2D93AD481444073A /* AppSettings.swift */; };
		5DFE5FC243029791E760EF9E421D6676 /* PeekabooUITests.swift in Sources */ = {isa = PBXBuildFile; fileRef = 37C89E71F8DFCAAC0F0C0FD46E0FDDD5 /* PeekabooUITests.swift */; };
		65F15AF5823341367FF4DEF9FDE8DBC6 /* Cocoa.framework in Frameworks */ = {isa = PBXBuildFile; fileRef = 5C91FAF3BA5B6E408F5E14B64998A11F /* Cocoa.framework */; };
		7049D2BC6EA222BF0CA6DC1C112ED360 /* PanelGeometry.swift in Sources */ = {isa = PBXBuildFile; fileRef = 3B9843C6A17A18C791BEF19B509D2BE6 /* PanelGeometry.swift */; };
		765B98C188678B2E48E0B669312F9385 /* AppDelegate.swift in Sources */ = {isa = PBXBuildFile; fileRef = 54ECB5DF13785BA3EFD11C05BA01E097 /* AppDelegate.swift */; };
		830C81D50A9017AEF605D8463FC4ECFE /* PanelUIState.swift in Sources */ = {isa = PBXBuildFile; fileRef = 8A8AF9ACE11F764C62A3EFA309A5346C /* PanelUIState.swift */; };
		8816E78205C365A9B723AF76FD0D7B20 /* TaskStoreTests.swift in Sources */ = {isa = PBXBuildFile; fileRef = 4FBC91080DF442F11DE1BE888DDCCE5E /* TaskStoreTests.swift */; };
		893F0D46723FD55F7F0BFF1DD043035C /* AppCoordinator.swift in Sources */ = {isa = PBXBuildFile; fileRef = EED2A60498A885A9EE5321BFCBDF0AF6 /* AppCoordinator.swift */; };
		91F5ADAB1A151155F2BFEFC6023D07DB /* CornerHoverMonitor.swift in Sources */ = {isa = PBXBuildFile; fileRef = 1EE7592D247CC0FC7DCB71EFC94D8E03 /* CornerHoverMonitor.swift */; };
		94DF6617A1B694E5EB9FAAA38FFBA61D /* LoginItemService.swift in Sources */ = {isa = PBXBuildFile; fileRef = 1A116FDDA43777627E081BC79536A0A6 /* LoginItemService.swift */; };
		A3F17612537890B4F34E250E04EAC5FF /* TaskTypes.swift in Sources */ = {isa = PBXBuildFile; fileRef = 94F8327859DE83B03DA3B0EF80BD9252 /* TaskTypes.swift */; };
		A55222CE1165E90F2CA18F6AC5FA99C7 /* CornerHoverStateMachine.swift in Sources */ = {isa = PBXBuildFile; fileRef = EE016E33ECC7825AEC5D4E8F2F2BF667 /* CornerHoverStateMachine.swift */; };
		A96127D6D4258828DFCA6D533684BEE1 /* TaskSectionView.swift in Sources */ = {isa = PBXBuildFile; fileRef = E2F17FF2F36D2D837A3520AA373D3ED9 /* TaskSectionView.swift */; };
		BA01AD6129C2BE01338DEA2CB09C38AD /* TaskItem.swift in Sources */ = {isa = PBXBuildFile; fileRef = EE2B271EE95156BE634EA823B61A4684 /* TaskItem.swift */; };
		C3526EF1112790B950C053C2F2755CEB /* PeekPanelController.swift in Sources */ = {isa = PBXBuildFile; fileRef = B2787E0DC75528486284022BF6C97192 /* PeekPanelController.swift */; };
		C5C84931E933134C6C5FA33EFBC835B1 /* CornerPicker.swift in Sources */ = {isa = PBXBuildFile; fileRef = A41A906480EC3AA80B99B9F0FEFAE0CD /* CornerPicker.swift */; };
		CC59BE0D4A2FEE4B24AB700E2527DD77 /* TaskRowView.swift in Sources */ = {isa = PBXBuildFile; fileRef = D4E0535B58BF55B729F99B9EB9639C47 /* TaskRowView.swift */; };
		CDC545838A85633D9258B904177D4331 /* TestSupport.swift in Sources */ = {isa = PBXBuildFile; fileRef = BDA193FD535F0AAB97A9698545509260 /* TestSupport.swift */; };
		D1D3EB52AAF8AA489984212190B0BCF4 /* Cocoa.framework in Frameworks */ = {isa = PBXBuildFile; fileRef = 5C91FAF3BA5B6E408F5E14B64998A11F /* Cocoa.framework */; };
		E6A78DCF0B1CB96F880D57F5A3D4AAA1 /* Cocoa.framework in Frameworks */ = {isa = PBXBuildFile; fileRef = 5C91FAF3BA5B6E408F5E14B64998A11F /* Cocoa.framework */; };
/* End PBXBuildFile section */

/* Begin PBXContainerItemProxy section */
		250EFA7FFE1A4561AB564E67DF40ED28 /* PBXContainerItemProxy */ = {
			isa = PBXContainerItemProxy;
			containerPortal = 99F19F834991D83263BFAD44E7AB152C /* Project object */;
			proxyType = 1;
			remoteGlobalIDString = 0229BE2E6C813E754DBF640A1250A3F4;
			remoteInfo = Peekaboo;
		};
		FB1CC2C873B092882F543977897C4407 /* PBXContainerItemProxy */ = {
			isa = PBXContainerItemProxy;
			containerPortal = 99F19F834991D83263BFAD44E7AB152C /* Project object */;
			proxyType = 1;
			remoteGlobalIDString = 0229BE2E6C813E754DBF640A1250A3F4;
			remoteInfo = Peekaboo;
		};
/* End PBXContainerItemProxy section */

/* Begin PBXFileReference section */
		087BA76D2BBF25BE3559A53ADEE3F417 /* SettingsWindowController.swift */ = {isa = PBXFileReference; includeInIndex = 1; lastKnownFileType = sourcecode.swift; name = SettingsWindowController.swift; path = Window/SettingsWindowController.swift; sourceTree = "<group>"; };
		1A116FDDA43777627E081BC79536A0A6 /* LoginItemService.swift */ = {isa = PBXFileReference; includeInIndex = 1; lastKnownFileType = sourcecode.swift; name = LoginItemService.swift; path = Services/LoginItemService.swift; sourceTree = "<group>"; };
		1EE7592D247CC0FC7DCB71EFC94D8E03 /* CornerHoverMonitor.swift */ = {isa = PBXFileReference; includeInIndex = 1; lastKnownFileType = sourcecode.swift; name = CornerHoverMonitor.swift; path = Services/CornerHoverMonitor.swift; sourceTree = "<group>"; };
		20D644522856A5BE0903CBDFFC872D6D /* TaskComposerView.swift */ = {isa = PBXFileReference; includeInIndex = 1; lastKnownFileType = sourcecode.swift; name = TaskComposerView.swift; path = Views/Panel/TaskComposerView.swift; sourceTree = "<group>"; };
		263E4B6C209716B01F907E7F9A96F1FF /* DailyCleanupService.swift */ = {isa = PBXFileReference; includeInIndex = 1; lastKnownFileType = sourcecode.swift; name = DailyCleanupService.swift; path = Services/DailyCleanupService.swift; sourceTree = "<group>"; };
		31753CC20480A65E17BA34D24C85F1D9 /* SettingsView.swift */ = {isa = PBXFileReference; includeInIndex = 1; lastKnownFileType = sourcecode.swift; name = SettingsView.swift; path = Views/Settings/SettingsView.swift; sourceTree = "<group>"; };
		32333450D6AD03159B5CA43123A8EF4C /* PeekabooStyle.swift */ = {isa = PBXFileReference; includeInIndex = 1; lastKnownFileType = sourcecode.swift; name = PeekabooStyle.swift; path = Design/PeekabooStyle.swift; sourceTree = "<group>"; };
		37C89E71F8DFCAAC0F0C0FD46E0FDDD5 /* PeekabooUITests.swift */ = {isa = PBXFileReference; includeInIndex = 1; lastKnownFileType = sourcecode.swift; path = PeekabooUITests.swift; sourceTree = "<group>"; };
		3AC576A82977497237BEC6EB59AAFFA6 /* PersistenceController.swift */ = {isa = PBXFileReference; includeInIndex = 1; lastKnownFileType = sourcecode.swift; name = PersistenceController.swift; path = Services/PersistenceController.swift; sourceTree = "<group>"; };
		3B9843C6A17A18C791BEF19B509D2BE6 /* PanelGeometry.swift */ = {isa = PBXFileReference; includeInIndex = 1; lastKnownFileType = sourcecode.swift; name = PanelGeometry.swift; path = Services/PanelGeometry.swift; sourceTree = "<group>"; };
		4FBC91080DF442F11DE1BE888DDCCE5E /* TaskStoreTests.swift */ = {isa = PBXFileReference; includeInIndex = 1; lastKnownFileType = sourcecode.swift; path = TaskStoreTests.swift; sourceTree = "<group>"; };
		54ECB5DF13785BA3EFD11C05BA01E097 /* AppDelegate.swift */ = {isa = PBXFileReference; includeInIndex = 1; lastKnownFileType = sourcecode.swift; name = AppDelegate.swift; path = App/AppDelegate.swift; sourceTree = "<group>"; };
		591F76B7D96AC97BEB959C7FD95F9554 /* TaskStatusButton.swift */ = {isa = PBXFileReference; includeInIndex = 1; lastKnownFileType = sourcecode.swift; name = TaskStatusButton.swift; path = Views/Panel/TaskStatusButton.swift; sourceTree = "<group>"; };
		5C91FAF3BA5B6E408F5E14B64998A11F /* Cocoa.framework */ = {isa = PBXFileReference; lastKnownFileType = wrapper.framework; name = Cocoa.framework; path = Platforms/MacOSX.platform/Developer/SDKs/MacOSX15.0.sdk/System/Library/Frameworks/Cocoa.framework; sourceTree = DEVELOPER_DIR; };
		62DE2A7CB17D50CF5D954630F3E949D0 /* Assets.xcassets */ = {isa = PBXFileReference; includeInIndex = 1; lastKnownFileType = folder.assetcatalog; name = Assets.xcassets; path = Resources/Assets.xcassets; sourceTree = "<group>"; };
		7787F31A912022D86738A41FA6F6799F /* CornerHoverStateMachineTests.swift */ = {isa = PBXFileReference; includeInIndex = 1; lastKnownFileType = sourcecode.swift; path = CornerHoverStateMachineTests.swift; sourceTree = "<group>"; };
		8A8AF9ACE11F764C62A3EFA309A5346C /* PanelUIState.swift */ = {isa = PBXFileReference; includeInIndex = 1; lastKnownFileType = sourcecode.swift; name = PanelUIState.swift; path = Window/PanelUIState.swift; sourceTree = "<group>"; };
		8B3805099BFB308DE20B986584903DE1 /* MenuBarView.swift */ = {isa = PBXFileReference; includeInIndex = 1; lastKnownFileType = sourcecode.swift; name = MenuBarView.swift; path = Views/MenuBarView.swift; sourceTree = "<group>"; };
		94F8327859DE83B03DA3B0EF80BD9252 /* TaskTypes.swift */ = {isa = PBXFileReference; includeInIndex = 1; lastKnownFileType = sourcecode.swift; name = TaskTypes.swift; path = Models/TaskTypes.swift; sourceTree = "<group>"; };
		9600112586A88F9E251C0E6B5E17295F /* PanelGeometryTests.swift */ = {isa = PBXFileReference; includeInIndex = 1; lastKnownFileType = sourcecode.swift; path = PanelGeometryTests.swift; sourceTree = "<group>"; };
		A26E00A5F457F8DC785446F0C0960EB7 /* Peekaboo.app */ = {isa = PBXFileReference; explicitFileType = wrapper.application; includeInIndex = 0; path = Peekaboo.app; sourceTree = BUILT_PRODUCTS_DIR; };
		A41A906480EC3AA80B99B9F0FEFAE0CD /* CornerPicker.swift */ = {isa = PBXFileReference; includeInIndex = 1; lastKnownFileType = sourcecode.swift; name = CornerPicker.swift; path = Views/Settings/CornerPicker.swift; sourceTree = "<group>"; };
		A692C1D69690FDE38EC9912DE4BBD5D0 /* DailyCleanupServiceTests.swift */ = {isa = PBXFileReference; includeInIndex = 1; lastKnownFileType = sourcecode.swift; path = DailyCleanupServiceTests.swift; sourceTree = "<group>"; };
		AC70F72F8C9B6AD92AB549660BB64413 /* Info.plist */ = {isa = PBXFileReference; includeInIndex = 1; lastKnownFileType = text.plist.xml; path = Info.plist; sourceTree = "<group>"; };
		B2787E0DC75528486284022BF6C97192 /* PeekPanelController.swift */ = {isa = PBXFileReference; includeInIndex = 1; lastKnownFileType = sourcecode.swift; name = PeekPanelController.swift; path = Window/PeekPanelController.swift; sourceTree = "<group>"; };
		BDA193FD535F0AAB97A9698545509260 /* TestSupport.swift */ = {isa = PBXFileReference; includeInIndex = 1; lastKnownFileType = sourcecode.swift; path = TestSupport.swift; sourceTree = "<group>"; };
		C9F9CEE7DB20A4243827ECD97F448ED4 /* PeekabooApp.swift */ = {isa = PBXFileReference; includeInIndex = 1; lastKnownFileType = sourcecode.swift; name = PeekabooApp.swift; path = App/PeekabooApp.swift; sourceTree = "<group>"; };
		CC5F338FE5BB28D838E8E545172459D8 /* PeekabooTests.xctest */ = {isa = PBXFileReference; explicitFileType = wrapper.cfbundle; includeInIndex = 0; path = PeekabooTests.xctest; sourceTree = BUILT_PRODUCTS_DIR; };
		CFD5F849A92BED5F4D55DB104A692C49 /* TaskStore.swift */ = {isa = PBXFileReference; includeInIndex = 1; lastKnownFileType = sourcecode.swift; name = TaskStore.swift; path = Services/TaskStore.swift; sourceTree = "<group>"; };
		D4E0535B58BF55B729F99B9EB9639C47 /* TaskRowView.swift */ = {isa = PBXFileReference; includeInIndex = 1; lastKnownFileType = sourcecode.swift; name = TaskRowView.swift; path = Views/Panel/TaskRowView.swift; sourceTree = "<group>"; };
		D8A4ED1C1CC59C6D9C553049D7584847 /* GlobalHotKey.swift */ = {isa = PBXFileReference; includeInIndex = 1; lastKnownFileType = sourcecode.swift; name = GlobalHotKey.swift; path = Services/GlobalHotKey.swift; sourceTree = "<group>"; };
		E0AA1D0393850C57710BA772A05C82FB /* PeekPanel.swift */ = {isa = PBXFileReference; includeInIndex = 1; lastKnownFileType = sourcecode.swift; name = PeekPanel.swift; path = Window/PeekPanel.swift; sourceTree = "<group>"; };
		E2F17FF2F36D2D837A3520AA373D3ED9 /* TaskSectionView.swift */ = {isa = PBXFileReference; includeInIndex = 1; lastKnownFileType = sourcecode.swift; name = TaskSectionView.swift; path = Views/Panel/TaskSectionView.swift; sourceTree = "<group>"; };
		EE016E33ECC7825AEC5D4E8F2F2BF667 /* CornerHoverStateMachine.swift */ = {isa = PBXFileReference; includeInIndex = 1; lastKnownFileType = sourcecode.swift; name = CornerHoverStateMachine.swift; path = Services/CornerHoverStateMachine.swift; sourceTree = "<group>"; };
		EE2B271EE95156BE634EA823B61A4684 /* TaskItem.swift */ = {isa = PBXFileReference; includeInIndex = 1; lastKnownFileType = sourcecode.swift; name = TaskItem.swift; path = Models/TaskItem.swift; sourceTree = "<group>"; };
		EED2A60498A885A9EE5321BFCBDF0AF6 /* AppCoordinator.swift */ = {isa = PBXFileReference; includeInIndex = 1; lastKnownFileType = sourcecode.swift; name = AppCoordinator.swift; path = App/AppCoordinator.swift; sourceTree = "<group>"; };
		EF5AFBC86133253C2D93AD481444073A /* AppSettings.swift */ = {isa = PBXFileReference; includeInIndex = 1; lastKnownFileType = sourcecode.swift; name = AppSettings.swift; path = Services/AppSettings.swift; sourceTree = "<group>"; };
		F9E06477DE14229FB5C49813AAD02C47 /* PeekPanelView.swift */ = {isa = PBXFileReference; includeInIndex = 1; lastKnownFileType = sourcecode.swift; name = PeekPanelView.swift; path = Views/Panel/PeekPanelView.swift; sourceTree = "<group>"; };
		FEDCDD39E5F8CB190125A777D1EABFCF /* Peekaboo.entitlements */ = {isa = PBXFileReference; includeInIndex = 1; lastKnownFileType = text.plist.entitlements; path = Peekaboo.entitlements; sourceTree = "<group>"; };
		FFC2155D7AF5805613DD07BA65B36359 /* PeekabooUITests.xctest */ = {isa = PBXFileReference; explicitFileType = wrapper.cfbundle; includeInIndex = 0; path = PeekabooUITests.xctest; sourceTree = BUILT_PRODUCTS_DIR; };
/* End PBXFileReference section */

/* Begin PBXFrameworksBuildPhase section */
		06781C17B2E3886B426E0D18B0FF179A /* Frameworks */ = {
			isa = PBXFrameworksBuildPhase;
			buildActionMask = 2147483647;
			files = (
				65F15AF5823341367FF4DEF9FDE8DBC6 /* Cocoa.framework in Frameworks */,
			);
			runOnlyForDeploymentPostprocessing = 0;
		};
		39B29B379695487C611405C646BEED47 /* Frameworks */ = {
			isa = PBXFrameworksBuildPhase;
			buildActionMask = 2147483647;
			files = (
				D1D3EB52AAF8AA489984212190B0BCF4 /* Cocoa.framework in Frameworks */,
			);
			runOnlyForDeploymentPostprocessing = 0;
		};
		CBB9526FDA32BAC1CB5CC98D473DF16E /* Frameworks */ = {
			isa = PBXFrameworksBuildPhase;
			buildActionMask = 2147483647;
			files = (
				E6A78DCF0B1CB96F880D57F5A3D4AAA1 /* Cocoa.framework in Frameworks */,
			);
			runOnlyForDeploymentPostprocessing = 0;
		};
/* End PBXFrameworksBuildPhase section */

/* Begin PBXGroup section */
		2A1497E0F502E4C3AB5B938FCD3E44EE = {
			isa = PBXGroup;
			children = (
				34E7E78AA6BC937FD8E1D5E46055CDC2 /* Products */,
				B2B99C2169C39863C5B25704DB17E7BD /* Frameworks */,
				330CB99B6988B074A8307F5BFBCFED4C /* Peekaboo */,
				37446BEF258030A0D0B0024CC2DA3EC8 /* PeekabooTests */,
				6EEF6C52F364803D09C9471E8FA3E103 /* PeekabooUITests */,
			);
			sourceTree = "<group>";
		};
		330CB99B6988B074A8307F5BFBCFED4C /* Peekaboo */ = {
			isa = PBXGroup;
			children = (
				EED2A60498A885A9EE5321BFCBDF0AF6 /* AppCoordinator.swift */,
				54ECB5DF13785BA3EFD11C05BA01E097 /* AppDelegate.swift */,
				C9F9CEE7DB20A4243827ECD97F448ED4 /* PeekabooApp.swift */,
				32333450D6AD03159B5CA43123A8EF4C /* PeekabooStyle.swift */,
				EE2B271EE95156BE634EA823B61A4684 /* TaskItem.swift */,
				94F8327859DE83B03DA3B0EF80BD9252 /* TaskTypes.swift */,
				EF5AFBC86133253C2D93AD481444073A /* AppSettings.swift */,
				1EE7592D247CC0FC7DCB71EFC94D8E03 /* CornerHoverMonitor.swift */,
				EE016E33ECC7825AEC5D4E8F2F2BF667 /* CornerHoverStateMachine.swift */,
				263E4B6C209716B01F907E7F9A96F1FF /* DailyCleanupService.swift */,
				D8A4ED1C1CC59C6D9C553049D7584847 /* GlobalHotKey.swift */,
				1A116FDDA43777627E081BC79536A0A6 /* LoginItemService.swift */,
				3B9843C6A17A18C791BEF19B509D2BE6 /* PanelGeometry.swift */,
				3AC576A82977497237BEC6EB59AAFFA6 /* PersistenceController.swift */,
				CFD5F849A92BED5F4D55DB104A692C49 /* TaskStore.swift */,
				8B3805099BFB308DE20B986584903DE1 /* MenuBarView.swift */,
				F9E06477DE14229FB5C49813AAD02C47 /* PeekPanelView.swift */,
				20D644522856A5BE0903CBDFFC872D6D /* TaskComposerView.swift */,
				D4E0535B58BF55B729F99B9EB9639C47 /* TaskRowView.swift */,
				E2F17FF2F36D2D837A3520AA373D3ED9 /* TaskSectionView.swift */,
				591F76B7D96AC97BEB959C7FD95F9554 /* TaskStatusButton.swift */,
				A41A906480EC3AA80B99B9F0FEFAE0CD /* CornerPicker.swift */,
				31753CC20480A65E17BA34D24C85F1D9 /* SettingsView.swift */,
				8A8AF9ACE11F764C62A3EFA309A5346C /* PanelUIState.swift */,
				E0AA1D0393850C57710BA772A05C82FB /* PeekPanel.swift */,
				B2787E0DC75528486284022BF6C97192 /* PeekPanelController.swift */,
				087BA76D2BBF25BE3559A53ADEE3F417 /* SettingsWindowController.swift */,
				62DE2A7CB17D50CF5D954630F3E949D0 /* Assets.xcassets */,
				FEDCDD39E5F8CB190125A777D1EABFCF /* Peekaboo.entitlements */,
				AC70F72F8C9B6AD92AB549660BB64413 /* Info.plist */,
			);
			path = Peekaboo;
			sourceTree = "<group>";
		};
		34E7E78AA6BC937FD8E1D5E46055CDC2 /* Products */ = {
			isa = PBXGroup;
			children = (
				A26E00A5F457F8DC785446F0C0960EB7 /* Peekaboo.app */,
				CC5F338FE5BB28D838E8E545172459D8 /* PeekabooTests.xctest */,
				FFC2155D7AF5805613DD07BA65B36359 /* PeekabooUITests.xctest */,
			);
			name = Products;
			sourceTree = "<group>";
		};
		37446BEF258030A0D0B0024CC2DA3EC8 /* PeekabooTests */ = {
			isa = PBXGroup;
			children = (
				7787F31A912022D86738A41FA6F6799F /* CornerHoverStateMachineTests.swift */,
				A692C1D69690FDE38EC9912DE4BBD5D0 /* DailyCleanupServiceTests.swift */,
				9600112586A88F9E251C0E6B5E17295F /* PanelGeometryTests.swift */,
				4FBC91080DF442F11DE1BE888DDCCE5E /* TaskStoreTests.swift */,
				BDA193FD535F0AAB97A9698545509260 /* TestSupport.swift */,
			);
			path = PeekabooTests;
			sourceTree = "<group>";
		};
		6E32D226A3217894399B4BF77E49C0BA /* OS X */ = {
			isa = PBXGroup;
			children = (
				5C91FAF3BA5B6E408F5E14B64998A11F /* Cocoa.framework */,
			);
			name = "OS X";
			sourceTree = "<group>";
		};
		6EEF6C52F364803D09C9471E8FA3E103 /* PeekabooUITests */ = {
			isa = PBXGroup;
			children = (
				37C89E71F8DFCAAC0F0C0FD46E0FDDD5 /* PeekabooUITests.swift */,
			);
			path = PeekabooUITests;
			sourceTree = "<group>";
		};
		B2B99C2169C39863C5B25704DB17E7BD /* Frameworks */ = {
			isa = PBXGroup;
			children = (
				6E32D226A3217894399B4BF77E49C0BA /* OS X */,
			);
			name = Frameworks;
			sourceTree = "<group>";
		};
/* End PBXGroup section */

/* Begin PBXNativeTarget section */
		0229BE2E6C813E754DBF640A1250A3F4 /* Peekaboo */ = {
			isa = PBXNativeTarget;
			buildConfigurationList = 93B85B0166E28D5FAB665778FDB4FF85 /* Build configuration list for PBXNativeTarget "Peekaboo" */;
			buildPhases = (
				C8B937DEC82B363E1B903EF3EA1AB206 /* Sources */,
				39B29B379695487C611405C646BEED47 /* Frameworks */,
				CA02358736334B525F860480B6D30D87 /* Resources */,
			);
			buildRules = (
			);
			dependencies = (
			);
			name = Peekaboo;
			productName = Peekaboo;
			productReference = A26E00A5F457F8DC785446F0C0960EB7 /* Peekaboo.app */;
			productType = "com.apple.product-type.application";
		};
		86D52AE6413F24A764D9EE0CCA3F5B07 /* PeekabooTests */ = {
			isa = PBXNativeTarget;
			buildConfigurationList = 95D8679182808F162D183010C99537D8 /* Build configuration list for PBXNativeTarget "PeekabooTests" */;
			buildPhases = (
				DB1EC955116C1EE7746D084BC2384E94 /* Sources */,
				06781C17B2E3886B426E0D18B0FF179A /* Frameworks */,
				420E8FCBE9F1953B53D5C80651A989A7 /* Resources */,
			);
			buildRules = (
			);
			dependencies = (
				064B5286EB1C077EBC78E0B65AFD1DDE /* PBXTargetDependency */,
			);
			name = PeekabooTests;
			productName = PeekabooTests;
			productReference = CC5F338FE5BB28D838E8E545172459D8 /* PeekabooTests.xctest */;
			productType = "com.apple.product-type.bundle.unit-test";
		};
		C189D2E5002F47643543DE3429A6C0D0 /* PeekabooUITests */ = {
			isa = PBXNativeTarget;
			buildConfigurationList = 6353A196ED7C6A7F97477D6B4CE4E0DD /* Build configuration list for PBXNativeTarget "PeekabooUITests" */;
			buildPhases = (
				70C33BE4C5527E51BF16E142A9A32E7B /* Sources */,
				CBB9526FDA32BAC1CB5CC98D473DF16E /* Frameworks */,
				BA1C4AC7E542A8D61ECBC7DA0F223AB3 /* Resources */,
			);
			buildRules = (
			);
			dependencies = (
				E0439B68D105093CD5D09CD0E7995080 /* PBXTargetDependency */,
			);
			name = PeekabooUITests;
			productName = PeekabooUITests;
			productReference = FFC2155D7AF5805613DD07BA65B36359 /* PeekabooUITests.xctest */;
			productType = "com.apple.product-type.bundle.ui-testing";
		};
/* End PBXNativeTarget section */

/* Begin PBXProject section */
		99F19F834991D83263BFAD44E7AB152C /* Project object */ = {
			isa = PBXProject;
			attributes = {
				LastSwiftUpdateCheck = 2660;
				LastUpgradeCheck = 2660;
			};
			buildConfigurationList = 6CB7439B139033E9E975982201483743 /* Build configuration list for PBXProject "Peekaboo" */;
			compatibilityVersion = "Xcode 16.0";
			developmentRegion = en;
			hasScannedForEncodings = 0;
			knownRegions = (
				en,
				Base,
			);
			mainGroup = 2A1497E0F502E4C3AB5B938FCD3E44EE;
			productRefGroup = 34E7E78AA6BC937FD8E1D5E46055CDC2 /* Products */;
			projectDirPath = "";
			projectRoot = "";
			targets = (
				0229BE2E6C813E754DBF640A1250A3F4 /* Peekaboo */,
				86D52AE6413F24A764D9EE0CCA3F5B07 /* PeekabooTests */,
				C189D2E5002F47643543DE3429A6C0D0 /* PeekabooUITests */,
			);
		};
/* End PBXProject section */

/* Begin PBXResourcesBuildPhase section */
		420E8FCBE9F1953B53D5C80651A989A7 /* Resources */ = {
			isa = PBXResourcesBuildPhase;
			buildActionMask = 2147483647;
			files = (
			);
			runOnlyForDeploymentPostprocessing = 0;
		};
		BA1C4AC7E542A8D61ECBC7DA0F223AB3 /* Resources */ = {
			isa = PBXResourcesBuildPhase;
			buildActionMask = 2147483647;
			files = (
			);
			runOnlyForDeploymentPostprocessing = 0;
		};
		CA02358736334B525F860480B6D30D87 /* Resources */ = {
			isa = PBXResourcesBuildPhase;
			buildActionMask = 2147483647;
			files = (
				4B056436AC4516F305A73F839B6C5322 /* Assets.xcassets in Resources */,
			);
			runOnlyForDeploymentPostprocessing = 0;
		};
/* End PBXResourcesBuildPhase section */

/* Begin PBXSourcesBuildPhase section */
		70C33BE4C5527E51BF16E142A9A32E7B /* Sources */ = {
			isa = PBXSourcesBuildPhase;
			buildActionMask = 2147483647;
			files = (
				5DFE5FC243029791E760EF9E421D6676 /* PeekabooUITests.swift in Sources */,
			);
			runOnlyForDeploymentPostprocessing = 0;
		};
		C8B937DEC82B363E1B903EF3EA1AB206 /* Sources */ = {
			isa = PBXSourcesBuildPhase;
			buildActionMask = 2147483647;
			files = (
				893F0D46723FD55F7F0BFF1DD043035C /* AppCoordinator.swift in Sources */,
				765B98C188678B2E48E0B669312F9385 /* AppDelegate.swift in Sources */,
				5684F2E3E474D4A4D784FE280C80C145 /* PeekabooApp.swift in Sources */,
				0E31441517A01E6AC90F980E9736734F /* PeekabooStyle.swift in Sources */,
				BA01AD6129C2BE01338DEA2CB09C38AD /* TaskItem.swift in Sources */,
				A3F17612537890B4F34E250E04EAC5FF /* TaskTypes.swift in Sources */,
				5D93899C891A50CFD63761EA2DE35E52 /* AppSettings.swift in Sources */,
				91F5ADAB1A151155F2BFEFC6023D07DB /* CornerHoverMonitor.swift in Sources */,
				A55222CE1165E90F2CA18F6AC5FA99C7 /* CornerHoverStateMachine.swift in Sources */,
				08AF9B2EE1753005191A6E34C0AC42D8 /* DailyCleanupService.swift in Sources */,
				05825C1AB567EF7A7EF808DEE63C7D37 /* GlobalHotKey.swift in Sources */,
				94DF6617A1B694E5EB9FAAA38FFBA61D /* LoginItemService.swift in Sources */,
				7049D2BC6EA222BF0CA6DC1C112ED360 /* PanelGeometry.swift in Sources */,
				1128B5A702DBD11285083042F2BC6288 /* PersistenceController.swift in Sources */,
				2100544593C9DCC1624F4AD52C8471F5 /* TaskStore.swift in Sources */,
				0C70064A55799A41FD06C3D1FBF9A281 /* MenuBarView.swift in Sources */,
				18494C4298797230F2D114774289E8E0 /* PeekPanelView.swift in Sources */,
				24F1FEC603EF9949A33F8F806AB32228 /* TaskComposerView.swift in Sources */,
				CC59BE0D4A2FEE4B24AB700E2527DD77 /* TaskRowView.swift in Sources */,
				A96127D6D4258828DFCA6D533684BEE1 /* TaskSectionView.swift in Sources */,
				2893EE0CF0366BFD480C8CE1EF86F995 /* TaskStatusButton.swift in Sources */,
				C5C84931E933134C6C5FA33EFBC835B1 /* CornerPicker.swift in Sources */,
				2C0F6EC861E7275AB08AADE01A7E2734 /* SettingsView.swift in Sources */,
				830C81D50A9017AEF605D8463FC4ECFE /* PanelUIState.swift in Sources */,
				5324656A64AA430E4C56364B34762374 /* PeekPanel.swift in Sources */,
				C3526EF1112790B950C053C2F2755CEB /* PeekPanelController.swift in Sources */,
				25886835CCC3CBA6A1ECA8C9C2AAA9EB /* SettingsWindowController.swift in Sources */,
			);
			runOnlyForDeploymentPostprocessing = 0;
		};
		DB1EC955116C1EE7746D084BC2384E94 /* Sources */ = {
			isa = PBXSourcesBuildPhase;
			buildActionMask = 2147483647;
			files = (
				0387FE1FF9C0A81358EFB835643EBCF6 /* CornerHoverStateMachineTests.swift in Sources */,
				07A81ABCCEDE26422FDF6DA18DC86504 /* DailyCleanupServiceTests.swift in Sources */,
				3526BA010AECF8A74A8DF1A605E00091 /* PanelGeometryTests.swift in Sources */,
				8816E78205C365A9B723AF76FD0D7B20 /* TaskStoreTests.swift in Sources */,
				CDC545838A85633D9258B904177D4331 /* TestSupport.swift in Sources */,
			);
			runOnlyForDeploymentPostprocessing = 0;
		};
/* End PBXSourcesBuildPhase section */

/* Begin PBXTargetDependency section */
		064B5286EB1C077EBC78E0B65AFD1DDE /* PBXTargetDependency */ = {
			isa = PBXTargetDependency;
			name = Peekaboo;
			target = 0229BE2E6C813E754DBF640A1250A3F4 /* Peekaboo */;
			targetProxy = 250EFA7FFE1A4561AB564E67DF40ED28 /* PBXContainerItemProxy */;
		};
		E0439B68D105093CD5D09CD0E7995080 /* PBXTargetDependency */ = {
			isa = PBXTargetDependency;
			name = Peekaboo;
			target = 0229BE2E6C813E754DBF640A1250A3F4 /* Peekaboo */;
			targetProxy = FB1CC2C873B092882F543977897C4407 /* PBXContainerItemProxy */;
		};
/* End PBXTargetDependency section */

/* Begin XCBuildConfiguration section */
		102C15E0CCB708C8ADD40689ECDFCE3E /* Release */ = {
			isa = XCBuildConfiguration;
			buildSettings = {
				ASSETCATALOG_COMPILER_APPICON_NAME = AppIcon;
				ASSETCATALOG_COMPILER_GLOBAL_ACCENT_COLOR_NAME = AccentColor;
				CODE_SIGN_ENTITLEMENTS = Peekaboo/Peekaboo.entitlements;
				CODE_SIGN_STYLE = Automatic;
				COMBINE_HIDPI_IMAGES = YES;
				CURRENT_PROJECT_VERSION = 1;
				DEVELOPMENT_TEAM = HR24WHR326;
				ENABLE_APP_SANDBOX = YES;
				ENABLE_HARDENED_RUNTIME = YES;
				GENERATE_INFOPLIST_FILE = NO;
				INFOPLIST_FILE = Peekaboo/Info.plist;
				LD_RUNPATH_SEARCH_PATHS = (
					"$(inherited)",
					"@executable_path/../Frameworks",
				);
				MACOSX_DEPLOYMENT_TARGET = 14.0;
				MARKETING_VERSION = 1.0;
				PRODUCT_BUNDLE_IDENTIFIER = com.emanueledipietro.Peekaboo;
				PRODUCT_NAME = "$(TARGET_NAME)";
				SDKROOT = macosx;
				SWIFT_EMIT_LOC_STRINGS = YES;
				SWIFT_STRICT_CONCURRENCY = minimal;
				SWIFT_VERSION = 5.0;
			};
			name = Release;
		};
		662D53337DACE2E005902BB51A17CBA9 /* Release */ = {
			isa = XCBuildConfiguration;
			buildSettings = {
				GENERATE_INFOPLIST_FILE = YES;
				MACOSX_DEPLOYMENT_TARGET = 14.0;
				PRODUCT_BUNDLE_IDENTIFIER = com.emanueledipietro.PeekabooUITests;
				SDKROOT = macosx;
				SWIFT_STRICT_CONCURRENCY = minimal;
				SWIFT_VERSION = 5.0;
				TEST_TARGET_NAME = Peekaboo;
			};
			name = Release;
		};
		A30508887C42F749B510BD26C5DA6895 /* Release */ = {
			isa = XCBuildConfiguration;
			buildSettings = {
				BUNDLE_LOADER = "$(TEST_HOST)";
				GENERATE_INFOPLIST_FILE = YES;
				MACOSX_DEPLOYMENT_TARGET = 14.0;
				PRODUCT_BUNDLE_IDENTIFIER = com.emanueledipietro.PeekabooTests;
				SDKROOT = macosx;
				SWIFT_STRICT_CONCURRENCY = minimal;
				SWIFT_VERSION = 5.0;
				TEST_HOST = "$(BUILT_PRODUCTS_DIR)/Peekaboo.app/Contents/MacOS/Peekaboo";
			};
			name = Release;
		};
		A7CD360F6BA555912469D7135F2E38D3 /* Debug */ = {
			isa = XCBuildConfiguration;
			buildSettings = {
				GENERATE_INFOPLIST_FILE = YES;
				MACOSX_DEPLOYMENT_TARGET = 14.0;
				PRODUCT_BUNDLE_IDENTIFIER = com.emanueledipietro.PeekabooUITests;
				SDKROOT = macosx;
				SWIFT_STRICT_CONCURRENCY = minimal;
				SWIFT_VERSION = 5.0;
				TEST_TARGET_NAME = Peekaboo;
			};
			name = Debug;
		};
		CD77E8BBE894E0A2E0F5BC846ED68373 /* Release */ = {
			isa = XCBuildConfiguration;
			buildSettings = {
				ALWAYS_SEARCH_USER_PATHS = NO;
				CLANG_ANALYZER_NONNULL = YES;
				CLANG_ANALYZER_NUMBER_OBJECT_CONVERSION = YES_AGGRESSIVE;
				CLANG_CXX_LANGUAGE_STANDARD = "gnu++14";
				CLANG_CXX_LIBRARY = "libc++";
				CLANG_ENABLE_MODULES = YES;
				CLANG_ENABLE_OBJC_ARC = YES;
				CLANG_ENABLE_OBJC_WEAK = YES;
				CLANG_WARN_BLOCK_CAPTURE_AUTORELEASING = YES;
				CLANG_WARN_BOOL_CONVERSION = YES;
				CLANG_WARN_COMMA = YES;
				CLANG_WARN_CONSTANT_CONVERSION = YES;
				CLANG_WARN_DEPRECATED_OBJC_IMPLEMENTATIONS = YES;
				CLANG_WARN_DIRECT_OBJC_ISA_USAGE = YES_ERROR;
				CLANG_WARN_DOCUMENTATION_COMMENTS = YES;
				CLANG_WARN_EMPTY_BODY = YES;
				CLANG_WARN_ENUM_CONVERSION = YES;
				CLANG_WARN_INFINITE_RECURSION = YES;
				CLANG_WARN_INT_CONVERSION = YES;
				CLANG_WARN_NON_LITERAL_NULL_CONVERSION = YES;
				CLANG_WARN_OBJC_IMPLICIT_RETAIN_SELF = YES;
				CLANG_WARN_OBJC_LITERAL_CONVERSION = YES;
				CLANG_WARN_OBJC_ROOT_CLASS = YES_ERROR;
				CLANG_WARN_QUOTED_INCLUDE_IN_FRAMEWORK_HEADER = YES;
				CLANG_WARN_RANGE_LOOP_ANALYSIS = YES;
				CLANG_WARN_STRICT_PROTOTYPES = YES;
				CLANG_WARN_SUSPICIOUS_MOVE = YES;
				CLANG_WARN_UNGUARDED_AVAILABILITY = YES_AGGRESSIVE;
				CLANG_WARN_UNREACHABLE_CODE = YES;
				CLANG_WARN__DUPLICATE_METHOD_MATCH = YES;
				COPY_PHASE_STRIP = NO;
				DEBUG_INFORMATION_FORMAT = "dwarf-with-dsym";
				ENABLE_NS_ASSERTIONS = NO;
				ENABLE_STRICT_OBJC_MSGSEND = YES;
				GCC_C_LANGUAGE_STANDARD = gnu11;
				GCC_NO_COMMON_BLOCKS = YES;
				GCC_WARN_64_TO_32_BIT_CONVERSION = YES;
				GCC_WARN_ABOUT_RETURN_TYPE = YES_ERROR;
				GCC_WARN_UNDECLARED_SELECTOR = YES;
				GCC_WARN_UNINITIALIZED_AUTOS = YES_AGGRESSIVE;
				GCC_WARN_UNUSED_FUNCTION = YES;
				GCC_WARN_UNUSED_VARIABLE = YES;
				MACOSX_DEPLOYMENT_TARGET = 14.0;
				MTL_ENABLE_DEBUG_INFO = NO;
				MTL_FAST_MATH = YES;
				PRODUCT_NAME = "$(TARGET_NAME)";
				SWIFT_COMPILATION_MODE = wholemodule;
				SWIFT_OPTIMIZATION_LEVEL = "-O";
				SWIFT_VERSION = 5.0;
			};
			name = Release;
		};
		D3A3693ECCDD77E4BAF3B6573031A0D2 /* Debug */ = {
			isa = XCBuildConfiguration;
			buildSettings = {
				BUNDLE_LOADER = "$(TEST_HOST)";
				GENERATE_INFOPLIST_FILE = YES;
				MACOSX_DEPLOYMENT_TARGET = 14.0;
				PRODUCT_BUNDLE_IDENTIFIER = com.emanueledipietro.PeekabooTests;
				SDKROOT = macosx;
				SWIFT_STRICT_CONCURRENCY = minimal;
				SWIFT_VERSION = 5.0;
				TEST_HOST = "$(BUILT_PRODUCTS_DIR)/Peekaboo.app/Contents/MacOS/Peekaboo";
			};
			name = Debug;
		};
		D6FF314E1896B0B0AE9C2D640F4CC8C0 /* Debug */ = {
			isa = XCBuildConfiguration;
			buildSettings = {
				ALWAYS_SEARCH_USER_PATHS = NO;
				CLANG_ANALYZER_NONNULL = YES;
				CLANG_ANALYZER_NUMBER_OBJECT_CONVERSION = YES_AGGRESSIVE;
				CLANG_CXX_LANGUAGE_STANDARD = "gnu++14";
				CLANG_CXX_LIBRARY = "libc++";
				CLANG_ENABLE_MODULES = YES;
				CLANG_ENABLE_OBJC_ARC = YES;
				CLANG_ENABLE_OBJC_WEAK = YES;
				CLANG_WARN_BLOCK_CAPTURE_AUTORELEASING = YES;
				CLANG_WARN_BOOL_CONVERSION = YES;
				CLANG_WARN_COMMA = YES;
				CLANG_WARN_CONSTANT_CONVERSION = YES;
				CLANG_WARN_DEPRECATED_OBJC_IMPLEMENTATIONS = YES;
				CLANG_WARN_DIRECT_OBJC_ISA_USAGE = YES_ERROR;
				CLANG_WARN_DOCUMENTATION_COMMENTS = YES;
				CLANG_WARN_EMPTY_BODY = YES;
				CLANG_WARN_ENUM_CONVERSION = YES;
				CLANG_WARN_INFINITE_RECURSION = YES;
				CLANG_WARN_INT_CONVERSION = YES;
				CLANG_WARN_NON_LITERAL_NULL_CONVERSION = YES;
				CLANG_WARN_OBJC_IMPLICIT_RETAIN_SELF = YES;
				CLANG_WARN_OBJC_LITERAL_CONVERSION = YES;
				CLANG_WARN_OBJC_ROOT_CLASS = YES_ERROR;
				CLANG_WARN_QUOTED_INCLUDE_IN_FRAMEWORK_HEADER = YES;
				CLANG_WARN_RANGE_LOOP_ANALYSIS = YES;
				CLANG_WARN_STRICT_PROTOTYPES = YES;
				CLANG_WARN_SUSPICIOUS_MOVE = YES;
				CLANG_WARN_UNGUARDED_AVAILABILITY = YES_AGGRESSIVE;
				CLANG_WARN_UNREACHABLE_CODE = YES;
				CLANG_WARN__DUPLICATE_METHOD_MATCH = YES;
				COPY_PHASE_STRIP = NO;
				DEBUG_INFORMATION_FORMAT = dwarf;
				ENABLE_STRICT_OBJC_MSGSEND = YES;
				ENABLE_TESTABILITY = YES;
				GCC_C_LANGUAGE_STANDARD = gnu11;
				GCC_DYNAMIC_NO_PIC = NO;
				GCC_NO_COMMON_BLOCKS = YES;
				GCC_OPTIMIZATION_LEVEL = 0;
				GCC_PREPROCESSOR_DEFINITIONS = (
					"DEBUG=1",
					"$(inherited)",
				);
				GCC_WARN_64_TO_32_BIT_CONVERSION = YES;
				GCC_WARN_ABOUT_RETURN_TYPE = YES_ERROR;
				GCC_WARN_UNDECLARED_SELECTOR = YES;
				GCC_WARN_UNINITIALIZED_AUTOS = YES_AGGRESSIVE;
				GCC_WARN_UNUSED_FUNCTION = YES;
				GCC_WARN_UNUSED_VARIABLE = YES;
				MACOSX_DEPLOYMENT_TARGET = 14.0;
				MTL_ENABLE_DEBUG_INFO = INCLUDE_SOURCE;
				MTL_FAST_MATH = YES;
				ONLY_ACTIVE_ARCH = YES;
				PRODUCT_NAME = "$(TARGET_NAME)";
				SWIFT_ACTIVE_COMPILATION_CONDITIONS = DEBUG;
				SWIFT_OPTIMIZATION_LEVEL = "-Onone";
				SWIFT_VERSION = 5.0;
			};
			name = Debug;
		};
		DD65F2868345EAC07F02BC345846B1A8 /* Debug */ = {
			isa = XCBuildConfiguration;
			buildSettings = {
				ASSETCATALOG_COMPILER_APPICON_NAME = AppIcon;
				ASSETCATALOG_COMPILER_GLOBAL_ACCENT_COLOR_NAME = AccentColor;
				CODE_SIGN_ENTITLEMENTS = Peekaboo/Peekaboo.entitlements;
				CODE_SIGN_STYLE = Automatic;
				COMBINE_HIDPI_IMAGES = YES;
				CURRENT_PROJECT_VERSION = 1;
				DEVELOPMENT_TEAM = HR24WHR326;
				ENABLE_APP_SANDBOX = YES;
				ENABLE_HARDENED_RUNTIME = YES;
				GENERATE_INFOPLIST_FILE = NO;
				INFOPLIST_FILE = Peekaboo/Info.plist;
				LD_RUNPATH_SEARCH_PATHS = (
					"$(inherited)",
					"@executable_path/../Frameworks",
				);
				MACOSX_DEPLOYMENT_TARGET = 14.0;
				MARKETING_VERSION = 1.0;
				PRODUCT_BUNDLE_IDENTIFIER = com.emanueledipietro.Peekaboo;
				PRODUCT_NAME = "$(TARGET_NAME)";
				SDKROOT = macosx;
				SWIFT_EMIT_LOC_STRINGS = YES;
				SWIFT_STRICT_CONCURRENCY = minimal;
				SWIFT_VERSION = 5.0;
			};
			name = Debug;
		};
/* End XCBuildConfiguration section */

/* Begin XCConfigurationList section */
		6353A196ED7C6A7F97477D6B4CE4E0DD /* Build configuration list for PBXNativeTarget "PeekabooUITests" */ = {
			isa = XCConfigurationList;
			buildConfigurations = (
				662D53337DACE2E005902BB51A17CBA9 /* Release */,
				A7CD360F6BA555912469D7135F2E38D3 /* Debug */,
			);
			defaultConfigurationIsVisible = 0;
			defaultConfigurationName = Release;
		};
		6CB7439B139033E9E975982201483743 /* Build configuration list for PBXProject "Peekaboo" */ = {
			isa = XCConfigurationList;
			buildConfigurations = (
				D6FF314E1896B0B0AE9C2D640F4CC8C0 /* Debug */,
				CD77E8BBE894E0A2E0F5BC846ED68373 /* Release */,
			);
			defaultConfigurationIsVisible = 0;
			defaultConfigurationName = Release;
		};
		93B85B0166E28D5FAB665778FDB4FF85 /* Build configuration list for PBXNativeTarget "Peekaboo" */ = {
			isa = XCConfigurationList;
			buildConfigurations = (
				102C15E0CCB708C8ADD40689ECDFCE3E /* Release */,
				DD65F2868345EAC07F02BC345846B1A8 /* Debug */,
			);
			defaultConfigurationIsVisible = 0;
			defaultConfigurationName = Release;
		};
		95D8679182808F162D183010C99537D8 /* Build configuration list for PBXNativeTarget "PeekabooTests" */ = {
			isa = XCConfigurationList;
			buildConfigurations = (
				A30508887C42F749B510BD26C5DA6895 /* Release */,
				D3A3693ECCDD77E4BAF3B6573031A0D2 /* Debug */,
			);
			defaultConfigurationIsVisible = 0;
			defaultConfigurationName = Release;
		};
/* End XCConfigurationList section */
	};
	rootObject = 99F19F834991D83263BFAD44E7AB152C /* Project object */;
}
