// !$*UTF8*$!
{
	archiveVersion = 1;
	classes = {
	};
	objectVersion = 71;
	objects = {

/* Begin PBXBuildFile section */
		01353FA0147E3FCC41322B7B059AEF1A /* PeekabooStyle.swift in Sources */ = {isa = PBXBuildFile; fileRef = 424656927B85D2DF85BE20CAF989CD88 /* PeekabooStyle.swift */; };
		01DFDD96FB3FA84FF76B32BB975A9F2A /* CornerHoverStateMachineTests.swift in Sources */ = {isa = PBXBuildFile; fileRef = 9EFAD1C7E595BE4E2FBEF992165F61A3 /* CornerHoverStateMachineTests.swift */; };
		06656B7F61EBBF31617629BE562A0BAB /* SettingsWindowController.swift in Sources */ = {isa = PBXBuildFile; fileRef = BD3E351EEB937BC08F6D62283B5B6454 /* SettingsWindowController.swift */; };
		0673E691CE8F828F4C4D2EC845ACB879 /* AgentTaskTools.swift in Sources */ = {isa = PBXBuildFile; fileRef = 14819A08767B684C1FBA111FA2D35ECE /* AgentTaskTools.swift */; };
		1BE399F89BC4D8F5D4C6366C237491BE /* PanelGeometry.swift in Sources */ = {isa = PBXBuildFile; fileRef = 6BBEA640618C772B0A5747ABDB6A290A /* PanelGeometry.swift */; };
		26CFA0FD22160CC34AAB32563ACEB65D /* DailyCleanupServiceTests.swift in Sources */ = {isa = PBXBuildFile; fileRef = DC5C829490E30E2910C458A929A0513C /* DailyCleanupServiceTests.swift */; };
		3E63137CDBCEAF975D6B8C01B8573E2F /* SettingsView.swift in Sources */ = {isa = PBXBuildFile; fileRef = 7FFDC60CB3B0902E85E8B109BA0155AA /* SettingsView.swift */; };
		4087228DD17CFD64C9439E7091A834A5 /* MCPRequestHandler.swift in Sources */ = {isa = PBXBuildFile; fileRef = 5DF4B3E572BD9923AFE33A212FCBCF6F /* MCPRequestHandler.swift */; };
		4A4B2141E05E4110EFE1F0693B4832AB /* PeekPanelController.swift in Sources */ = {isa = PBXBuildFile; fileRef = EB9A54850BD52A71CF73D1F6573A23ED /* PeekPanelController.swift */; };
		4C73805101E310C09F65082182B8B45D /* CornerHoverMonitor.swift in Sources */ = {isa = PBXBuildFile; fileRef = 68604EA0CB6BD5A53BE9B55015B08F31 /* CornerHoverMonitor.swift */; };
		5DFE5FC243029791E760EF9E421D6676 /* PeekabooUITests.swift in Sources */ = {isa = PBXBuildFile; fileRef = 37C89E71F8DFCAAC0F0C0FD46E0FDDD5 /* PeekabooUITests.swift */; };
		5E3AE153BFBBC658055B6CB0A18B3193 /* TaskItem.swift in Sources */ = {isa = PBXBuildFile; fileRef = F382284D1B31C0BEA1713BF1AF2FEFD1 /* TaskItem.swift */; };
		618669A8030BF3959FFB673CFFA38DC5 /* PeekPanel.swift in Sources */ = {isa = PBXBuildFile; fileRef = 6D2C71496DE6F6E3E72BC55B58F5E0C3 /* PeekPanel.swift */; };
		66B98E4228DD6967054CF49B7420ED33 /* AppDelegate.swift in Sources */ = {isa = PBXBuildFile; fileRef = B85E11FF02BC4B7F154DCF165851F910 /* AppDelegate.swift */; };
		711FAE4CDE6AD7FF9D946D2ADD04F955 /* CornerHoverStateMachine.swift in Sources */ = {isa = PBXBuildFile; fileRef = DF3179C03EBAFC0D47FC56EAF448865A /* CornerHoverStateMachine.swift */; };
		755AB68F32187F109B9B965146C1725F /* GlobalHotKey.swift in Sources */ = {isa = PBXBuildFile; fileRef = 64A736227E9B875FD003C09FCDEF2F86 /* GlobalHotKey.swift */; };
		77BEC2C4524963DFD0E6B70FB50C46D3 /* AgentServer.swift in Sources */ = {isa = PBXBuildFile; fileRef = 18D3534999E6E889D320A8FABA413F46 /* AgentServer.swift */; };
		7A1EB8DC68ED78539C9E2DB657AFC40D /* MenuBarView.swift in Sources */ = {isa = PBXBuildFile; fileRef = 642C461C24853DDE29C208FBD7BBFBD7 /* MenuBarView.swift */; };
		805C4B264DB545CAA15F9259C405E570 /* PeekabooApp.swift in Sources */ = {isa = PBXBuildFile; fileRef = 7AF69DA10AF6A6E44C4AB27D12ABE65A /* PeekabooApp.swift */; };
		847842DFCBCFEE316B060F44092B7554 /* AgentHTTPRequestTests.swift in Sources */ = {isa = PBXBuildFile; fileRef = 0887F5967F38ACADACF7F8D44A9FE9D6 /* AgentHTTPRequestTests.swift */; };
		8794830FF1ED3FB9412D8DC2FD61F122 /* TaskStore.swift in Sources */ = {isa = PBXBuildFile; fileRef = 8A0EBCA4F596EAB295EC3F9424CCD96F /* TaskStore.swift */; };
		89B9FBBE4A7CD467DA66C576CE970CDC /* PanelUIState.swift in Sources */ = {isa = PBXBuildFile; fileRef = 0C031AB481569302669919C377B99E41 /* PanelUIState.swift */; };
		90BA56146CFFC2E639522D307AB76A11 /* LoginItemService.swift in Sources */ = {isa = PBXBuildFile; fileRef = 93D42DFEDC8CFFC4680CFF3194A5BADE /* LoginItemService.swift */; };
		9B357A9F1EB199126163CF7776346FCA /* PanelGeometryTests.swift in Sources */ = {isa = PBXBuildFile; fileRef = 5A4C508ED08E6AAC41C79E045501EF22 /* PanelGeometryTests.swift */; };
		9DE43362F29A3C7A0649338ED5886659 /* TaskStatusButton.swift in Sources */ = {isa = PBXBuildFile; fileRef = B5E63005422DE1DEE756ABB57BE7657A /* TaskStatusButton.swift */; };
		9EBE101A4D313B9E1C1ED89AC7E5E15A /* AgentHTTPRequest.swift in Sources */ = {isa = PBXBuildFile; fileRef = 8F7279BFF6E91036AB749BEB4833ADC1 /* AgentHTTPRequest.swift */; };
		9FCB12A99A216AB6C1E9F056B8168D7C /* TaskSectionView.swift in Sources */ = {isa = PBXBuildFile; fileRef = 34D5365FF06CA3C6449F4BC2ECB4EAE9 /* TaskSectionView.swift */; };
		B11B051C557F6CF374DF574A8398078C /* PersistenceController.swift in Sources */ = {isa = PBXBuildFile; fileRef = DAF5D4B3D5E61C6FF70BDEDB0F2D26BA /* PersistenceController.swift */; };
		BEC8A2D0F552472E0B4AEA529FFC0F5E /* CornerPicker.swift in Sources */ = {isa = PBXBuildFile; fileRef = 3ABFEB153A0EFC53F1B3790952692C3B /* CornerPicker.swift */; };
		C70958FC00474D56494DC69D572582C6 /* TaskStoreTests.swift in Sources */ = {isa = PBXBuildFile; fileRef = E91C22A306F47BF49D37344A7CA847C4 /* TaskStoreTests.swift */; };
		CB7948EFD6DC8266727F9319F93C7D33 /* Cocoa.framework in Frameworks */ = {isa = PBXBuildFile; fileRef = 5C91FAF3BA5B6E408F5E14B64998A11F /* Cocoa.framework */; };
		D98852EB9B6537EDDF903C2B1E25B93F /* AppCoordinator.swift in Sources */ = {isa = PBXBuildFile; fileRef = 605DA3629B8F0D1A75F78399086736D1 /* AppCoordinator.swift */; };
		DA3C5AB8EA794C7A5FE68A9B708D35C5 /* AppSettings.swift in Sources */ = {isa = PBXBuildFile; fileRef = 5D255E7852379B443154F08C95221CB6 /* AppSettings.swift */; };
		DEF3F3674940048215948A22A55764C3 /* TaskComposerView.swift in Sources */ = {isa = PBXBuildFile; fileRef = 9602B63D665015929C1458A3CBCDE9D6 /* TaskComposerView.swift */; };
		E4C4FF5FE73926626BEB58AEA528FCA1 /* MCPRequestHandlerTests.swift in Sources */ = {isa = PBXBuildFile; fileRef = ED087F22E5A9D2FAE56A00426936C214 /* MCPRequestHandlerTests.swift */; };
		E60AB2EEDC55386BC54479FE546729F4 /* TaskTypes.swift in Sources */ = {isa = PBXBuildFile; fileRef = 42B03A47778B2A1C1694EA21A67C0CD1 /* TaskTypes.swift */; };
		E6A78DCF0B1CB96F880D57F5A3D4AAA1 /* Cocoa.framework in Frameworks */ = {isa = PBXBuildFile; fileRef = 5C91FAF3BA5B6E408F5E14B64998A11F /* Cocoa.framework */; };
		E76C36F74029599AD5B781ECD1687F5A /* Assets.xcassets in Resources */ = {isa = PBXBuildFile; fileRef = 1D6481F44F31472D6C702803549CACA8 /* Assets.xcassets */; };
		EC7D7BF5F734F560EEEAC2F1F9C21DE1 /* TestSupport.swift in Sources */ = {isa = PBXBuildFile; fileRef = 6E2656CB902779D23E02E1D80CF85930 /* TestSupport.swift */; };
		F0F733F15F9739EA5E821E74A4C83926 /* Cocoa.framework in Frameworks */ = {isa = PBXBuildFile; fileRef = 5C91FAF3BA5B6E408F5E14B64998A11F /* Cocoa.framework */; };
		F56E7700A5F9D3683F3E255D8B89DF03 /* TaskRowView.swift in Sources */ = {isa = PBXBuildFile; fileRef = 72212017DFACB755272305D9F082D413 /* TaskRowView.swift */; };
		FAAB22A82C24F45A5FFB7800FB0CBE91 /* DailyCleanupService.swift in Sources */ = {isa = PBXBuildFile; fileRef = DD2272B862E0594C107A072A60E7A325 /* DailyCleanupService.swift */; };
		FE385B4CD4E1F0F6FE5FEBC566BB8D01 /* PeekPanelView.swift in Sources */ = {isa = PBXBuildFile; fileRef = 895554FE87ADD415165648B73813450C /* PeekPanelView.swift */; };
/* End PBXBuildFile section */

/* Begin PBXContainerItemProxy section */
		5FEDE0DC469FB55437C6B142E7FCF9F5 /* PBXContainerItemProxy */ = {
			isa = PBXContainerItemProxy;
			containerPortal = 99F19F834991D83263BFAD44E7AB152C /* Project object */;
			proxyType = 1;
			remoteGlobalIDString = EA2E0EFFE941E13C63FF1E9AE0D3D696;
			remoteInfo = Peekaboo;
		};
		FB1CC2C873B092882F543977897C4407 /* PBXContainerItemProxy */ = {
			isa = PBXContainerItemProxy;
			containerPortal = 99F19F834991D83263BFAD44E7AB152C /* Project object */;
			proxyType = 1;
			remoteGlobalIDString = EA2E0EFFE941E13C63FF1E9AE0D3D696;
			remoteInfo = Peekaboo;
		};
/* End PBXContainerItemProxy section */

/* Begin PBXFileReference section */
		0887F5967F38ACADACF7F8D44A9FE9D6 /* AgentHTTPRequestTests.swift */ = {isa = PBXFileReference; includeInIndex = 1; lastKnownFileType = sourcecode.swift; path = AgentHTTPRequestTests.swift; sourceTree = "<group>"; };
		0C031AB481569302669919C377B99E41 /* PanelUIState.swift */ = {isa = PBXFileReference; includeInIndex = 1; lastKnownFileType = sourcecode.swift; name = PanelUIState.swift; path = Window/PanelUIState.swift; sourceTree = "<group>"; };
		14819A08767B684C1FBA111FA2D35ECE /* AgentTaskTools.swift */ = {isa = PBXFileReference; includeInIndex = 1; lastKnownFileType = sourcecode.swift; name = AgentTaskTools.swift; path = Services/AgentServer/AgentTaskTools.swift; sourceTree = "<group>"; };
		18D3534999E6E889D320A8FABA413F46 /* AgentServer.swift */ = {isa = PBXFileReference; includeInIndex = 1; lastKnownFileType = sourcecode.swift; name = AgentServer.swift; path = Services/AgentServer/AgentServer.swift; sourceTree = "<group>"; };
		1D6481F44F31472D6C702803549CACA8 /* Assets.xcassets */ = {isa = PBXFileReference; includeInIndex = 1; lastKnownFileType = folder.assetcatalog; name = Assets.xcassets; path = Resources/Assets.xcassets; sourceTree = "<group>"; };
		34D5365FF06CA3C6449F4BC2ECB4EAE9 /* TaskSectionView.swift */ = {isa = PBXFileReference; includeInIndex = 1; lastKnownFileType = sourcecode.swift; name = TaskSectionView.swift; path = Views/Panel/TaskSectionView.swift; sourceTree = "<group>"; };
		37C89E71F8DFCAAC0F0C0FD46E0FDDD5 /* PeekabooUITests.swift */ = {isa = PBXFileReference; includeInIndex = 1; lastKnownFileType = sourcecode.swift; path = PeekabooUITests.swift; sourceTree = "<group>"; };
		3ABFEB153A0EFC53F1B3790952692C3B /* CornerPicker.swift */ = {isa = PBXFileReference; includeInIndex = 1; lastKnownFileType = sourcecode.swift; name = CornerPicker.swift; path = Views/Settings/CornerPicker.swift; sourceTree = "<group>"; };
		424656927B85D2DF85BE20CAF989CD88 /* PeekabooStyle.swift */ = {isa = PBXFileReference; includeInIndex = 1; lastKnownFileType = sourcecode.swift; name = PeekabooStyle.swift; path = Design/PeekabooStyle.swift; sourceTree = "<group>"; };
		42B03A47778B2A1C1694EA21A67C0CD1 /* TaskTypes.swift */ = {isa = PBXFileReference; includeInIndex = 1; lastKnownFileType = sourcecode.swift; name = TaskTypes.swift; path = Models/TaskTypes.swift; sourceTree = "<group>"; };
		5A4C508ED08E6AAC41C79E045501EF22 /* PanelGeometryTests.swift */ = {isa = PBXFileReference; includeInIndex = 1; lastKnownFileType = sourcecode.swift; path = PanelGeometryTests.swift; sourceTree = "<group>"; };
		5C91FAF3BA5B6E408F5E14B64998A11F /* Cocoa.framework */ = {isa = PBXFileReference; lastKnownFileType = wrapper.framework; name = Cocoa.framework; path = Platforms/MacOSX.platform/Developer/SDKs/MacOSX15.0.sdk/System/Library/Frameworks/Cocoa.framework; sourceTree = DEVELOPER_DIR; };
		5D255E7852379B443154F08C95221CB6 /* AppSettings.swift */ = {isa = PBXFileReference; includeInIndex = 1; lastKnownFileType = sourcecode.swift; name = AppSettings.swift; path = Services/AppSettings.swift; sourceTree = "<group>"; };
		5DF4B3E572BD9923AFE33A212FCBCF6F /* MCPRequestHandler.swift */ = {isa = PBXFileReference; includeInIndex = 1; lastKnownFileType = sourcecode.swift; name = MCPRequestHandler.swift; path = Services/AgentServer/MCPRequestHandler.swift; sourceTree = "<group>"; };
		605DA3629B8F0D1A75F78399086736D1 /* AppCoordinator.swift */ = {isa = PBXFileReference; includeInIndex = 1; lastKnownFileType = sourcecode.swift; name = AppCoordinator.swift; path = App/AppCoordinator.swift; sourceTree = "<group>"; };
		642C461C24853DDE29C208FBD7BBFBD7 /* MenuBarView.swift */ = {isa = PBXFileReference; includeInIndex = 1; lastKnownFileType = sourcecode.swift; name = MenuBarView.swift; path = Views/MenuBarView.swift; sourceTree = "<group>"; };
		64A736227E9B875FD003C09FCDEF2F86 /* GlobalHotKey.swift */ = {isa = PBXFileReference; includeInIndex = 1; lastKnownFileType = sourcecode.swift; name = GlobalHotKey.swift; path = Services/GlobalHotKey.swift; sourceTree = "<group>"; };
		68604EA0CB6BD5A53BE9B55015B08F31 /* CornerHoverMonitor.swift */ = {isa = PBXFileReference; includeInIndex = 1; lastKnownFileType = sourcecode.swift; name = CornerHoverMonitor.swift; path = Services/CornerHoverMonitor.swift; sourceTree = "<group>"; };
		6BBEA640618C772B0A5747ABDB6A290A /* PanelGeometry.swift */ = {isa = PBXFileReference; includeInIndex = 1; lastKnownFileType = sourcecode.swift; name = PanelGeometry.swift; path = Services/PanelGeometry.swift; sourceTree = "<group>"; };
		6D2C71496DE6F6E3E72BC55B58F5E0C3 /* PeekPanel.swift */ = {isa = PBXFileReference; includeInIndex = 1; lastKnownFileType = sourcecode.swift; name = PeekPanel.swift; path = Window/PeekPanel.swift; sourceTree = "<group>"; };
		6E2656CB902779D23E02E1D80CF85930 /* TestSupport.swift */ = {isa = PBXFileReference; includeInIndex = 1; lastKnownFileType = sourcecode.swift; path = TestSupport.swift; sourceTree = "<group>"; };
		72212017DFACB755272305D9F082D413 /* TaskRowView.swift */ = {isa = PBXFileReference; includeInIndex = 1; lastKnownFileType = sourcecode.swift; name = TaskRowView.swift; path = Views/Panel/TaskRowView.swift; sourceTree = "<group>"; };
		7AF69DA10AF6A6E44C4AB27D12ABE65A /* PeekabooApp.swift */ = {isa = PBXFileReference; includeInIndex = 1; lastKnownFileType = sourcecode.swift; name = PeekabooApp.swift; path = App/PeekabooApp.swift; sourceTree = "<group>"; };
		7FFDC60CB3B0902E85E8B109BA0155AA /* SettingsView.swift */ = {isa = PBXFileReference; includeInIndex = 1; lastKnownFileType = sourcecode.swift; name = SettingsView.swift; path = Views/Settings/SettingsView.swift; sourceTree = "<group>"; };
		895554FE87ADD415165648B73813450C /* PeekPanelView.swift */ = {isa = PBXFileReference; includeInIndex = 1; lastKnownFileType = sourcecode.swift; name = PeekPanelView.swift; path = Views/Panel/PeekPanelView.swift; sourceTree = "<group>"; };
		8A0EBCA4F596EAB295EC3F9424CCD96F /* TaskStore.swift */ = {isa = PBXFileReference; includeInIndex = 1; lastKnownFileType = sourcecode.swift; name = TaskStore.swift; path = Services/TaskStore.swift; sourceTree = "<group>"; };
		8F7279BFF6E91036AB749BEB4833ADC1 /* AgentHTTPRequest.swift */ = {isa = PBXFileReference; includeInIndex = 1; lastKnownFileType = sourcecode.swift; name = AgentHTTPRequest.swift; path = Services/AgentServer/AgentHTTPRequest.swift; sourceTree = "<group>"; };
		93D42DFEDC8CFFC4680CFF3194A5BADE /* LoginItemService.swift */ = {isa = PBXFileReference; includeInIndex = 1; lastKnownFileType = sourcecode.swift; name = LoginItemService.swift; path = Services/LoginItemService.swift; sourceTree = "<group>"; };
		9602B63D665015929C1458A3CBCDE9D6 /* TaskComposerView.swift */ = {isa = PBXFileReference; includeInIndex = 1; lastKnownFileType = sourcecode.swift; name = TaskComposerView.swift; path = Views/Panel/TaskComposerView.swift; sourceTree = "<group>"; };
		9EFAD1C7E595BE4E2FBEF992165F61A3 /* CornerHoverStateMachineTests.swift */ = {isa = PBXFileReference; includeInIndex = 1; lastKnownFileType = sourcecode.swift; path = CornerHoverStateMachineTests.swift; sourceTree = "<group>"; };
		A26E00A5F457F8DC785446F0C0960EB7 /* Peekaboo.app */ = {isa = PBXFileReference; explicitFileType = wrapper.application; includeInIndex = 0; path = Peekaboo.app; sourceTree = BUILT_PRODUCTS_DIR; };
		B5E63005422DE1DEE756ABB57BE7657A /* TaskStatusButton.swift */ = {isa = PBXFileReference; includeInIndex = 1; lastKnownFileType = sourcecode.swift; name = TaskStatusButton.swift; path = Views/Panel/TaskStatusButton.swift; sourceTree = "<group>"; };
		B85E11FF02BC4B7F154DCF165851F910 /* AppDelegate.swift */ = {isa = PBXFileReference; includeInIndex = 1; lastKnownFileType = sourcecode.swift; name = AppDelegate.swift; path = App/AppDelegate.swift; sourceTree = "<group>"; };
		BD3E351EEB937BC08F6D62283B5B6454 /* SettingsWindowController.swift */ = {isa = PBXFileReference; includeInIndex = 1; lastKnownFileType = sourcecode.swift; name = SettingsWindowController.swift; path = Window/SettingsWindowController.swift; sourceTree = "<group>"; };
		CC5F338FE5BB28D838E8E545172459D8 /* PeekabooTests.xctest */ = {isa = PBXFileReference; explicitFileType = wrapper.cfbundle; includeInIndex = 0; path = PeekabooTests.xctest; sourceTree = BUILT_PRODUCTS_DIR; };
		DAF5D4B3D5E61C6FF70BDEDB0F2D26BA /* PersistenceController.swift */ = {isa = PBXFileReference; includeInIndex = 1; lastKnownFileType = sourcecode.swift; name = PersistenceController.swift; path = Services/PersistenceController.swift; sourceTree = "<group>"; };
		DC5C829490E30E2910C458A929A0513C /* DailyCleanupServiceTests.swift */ = {isa = PBXFileReference; includeInIndex = 1; lastKnownFileType = sourcecode.swift; path = DailyCleanupServiceTests.swift; sourceTree = "<group>"; };
		DD2272B862E0594C107A072A60E7A325 /* DailyCleanupService.swift */ = {isa = PBXFileReference; includeInIndex = 1; lastKnownFileType = sourcecode.swift; name = DailyCleanupService.swift; path = Services/DailyCleanupService.swift; sourceTree = "<group>"; };
		DF3179C03EBAFC0D47FC56EAF448865A /* CornerHoverStateMachine.swift */ = {isa = PBXFileReference; includeInIndex = 1; lastKnownFileType = sourcecode.swift; name = CornerHoverStateMachine.swift; path = Services/CornerHoverStateMachine.swift; sourceTree = "<group>"; };
		E7478662B3744A244A313104CA40437D /* Peekaboo.entitlements */ = {isa = PBXFileReference; includeInIndex = 1; lastKnownFileType = text.plist.entitlements; path = Peekaboo.entitlements; sourceTree = "<group>"; };
		E85C5FC79CA28265BFD84296DC238E0B /* Info.plist */ = {isa = PBXFileReference; includeInIndex = 1; lastKnownFileType = text.plist.xml; path = Info.plist; sourceTree = "<group>"; };
		E91C22A306F47BF49D37344A7CA847C4 /* TaskStoreTests.swift */ = {isa = PBXFileReference; includeInIndex = 1; lastKnownFileType = sourcecode.swift; path = TaskStoreTests.swift; sourceTree = "<group>"; };
		EB9A54850BD52A71CF73D1F6573A23ED /* PeekPanelController.swift */ = {isa = PBXFileReference; includeInIndex = 1; lastKnownFileType = sourcecode.swift; name = PeekPanelController.swift; path = Window/PeekPanelController.swift; sourceTree = "<group>"; };
		ED087F22E5A9D2FAE56A00426936C214 /* MCPRequestHandlerTests.swift */ = {isa = PBXFileReference; includeInIndex = 1; lastKnownFileType = sourcecode.swift; path = MCPRequestHandlerTests.swift; sourceTree = "<group>"; };
		F382284D1B31C0BEA1713BF1AF2FEFD1 /* TaskItem.swift */ = {isa = PBXFileReference; includeInIndex = 1; lastKnownFileType = sourcecode.swift; name = TaskItem.swift; path = Models/TaskItem.swift; sourceTree = "<group>"; };
		FFC2155D7AF5805613DD07BA65B36359 /* PeekabooUITests.xctest */ = {isa = PBXFileReference; explicitFileType = wrapper.cfbundle; includeInIndex = 0; path = PeekabooUITests.xctest; sourceTree = BUILT_PRODUCTS_DIR; };
/* End PBXFileReference section */

/* Begin PBXFrameworksBuildPhase section */
		0B80A482E53E255B86499AB9948C02A9 /* Frameworks */ = {
			isa = PBXFrameworksBuildPhase;
			buildActionMask = 2147483647;
			files = (
				F0F733F15F9739EA5E821E74A4C83926 /* Cocoa.framework in Frameworks */,
			);
			runOnlyForDeploymentPostprocessing = 0;
		};
		CBB9526FDA32BAC1CB5CC98D473DF16E /* Frameworks */ = {
			isa = PBXFrameworksBuildPhase;
			buildActionMask = 2147483647;
			files = (
				E6A78DCF0B1CB96F880D57F5A3D4AAA1 /* Cocoa.framework in Frameworks */,
			);
			runOnlyForDeploymentPostprocessing = 0;
		};
		EE46EAA0358C6403B5ECF0949453010E /* Frameworks */ = {
			isa = PBXFrameworksBuildPhase;
			buildActionMask = 2147483647;
			files = (
				CB7948EFD6DC8266727F9319F93C7D33 /* Cocoa.framework in Frameworks */,
			);
			runOnlyForDeploymentPostprocessing = 0;
		};
/* End PBXFrameworksBuildPhase section */

/* Begin PBXGroup section */
		2A1497E0F502E4C3AB5B938FCD3E44EE = {
			isa = PBXGroup;
			children = (
				34E7E78AA6BC937FD8E1D5E46055CDC2 /* Products */,
				B2B99C2169C39863C5B25704DB17E7BD /* Frameworks */,
				45C82949E286C31698EFD5A07F95942C /* Peekaboo */,
				E77068C3684120C99FC1D34055ADE4DB /* PeekabooTests */,
				6EEF6C52F364803D09C9471E8FA3E103 /* PeekabooUITests */,
			);
			sourceTree = "<group>";
		};
		34E7E78AA6BC937FD8E1D5E46055CDC2 /* Products */ = {
			isa = PBXGroup;
			children = (
				A26E00A5F457F8DC785446F0C0960EB7 /* Peekaboo.app */,
				CC5F338FE5BB28D838E8E545172459D8 /* PeekabooTests.xctest */,
				FFC2155D7AF5805613DD07BA65B36359 /* PeekabooUITests.xctest */,
			);
			name = Products;
			sourceTree = "<group>";
		};
		45C82949E286C31698EFD5A07F95942C /* Peekaboo */ = {
			isa = PBXGroup;
			children = (
				605DA3629B8F0D1A75F78399086736D1 /* AppCoordinator.swift */,
				B85E11FF02BC4B7F154DCF165851F910 /* AppDelegate.swift */,
				7AF69DA10AF6A6E44C4AB27D12ABE65A /* PeekabooApp.swift */,
				424656927B85D2DF85BE20CAF989CD88 /* PeekabooStyle.swift */,
				F382284D1B31C0BEA1713BF1AF2FEFD1 /* TaskItem.swift */,
				42B03A47778B2A1C1694EA21A67C0CD1 /* TaskTypes.swift */,
				8F7279BFF6E91036AB749BEB4833ADC1 /* AgentHTTPRequest.swift */,
				18D3534999E6E889D320A8FABA413F46 /* AgentServer.swift */,
				14819A08767B684C1FBA111FA2D35ECE /* AgentTaskTools.swift */,
				5DF4B3E572BD9923AFE33A212FCBCF6F /* MCPRequestHandler.swift */,
				5D255E7852379B443154F08C95221CB6 /* AppSettings.swift */,
				68604EA0CB6BD5A53BE9B55015B08F31 /* CornerHoverMonitor.swift */,
				DF3179C03EBAFC0D47FC56EAF448865A /* CornerHoverStateMachine.swift */,
				DD2272B862E0594C107A072A60E7A325 /* DailyCleanupService.swift */,
				64A736227E9B875FD003C09FCDEF2F86 /* GlobalHotKey.swift */,
				93D42DFEDC8CFFC4680CFF3194A5BADE /* LoginItemService.swift */,
				6BBEA640618C772B0A5747ABDB6A290A /* PanelGeometry.swift */,
				DAF5D4B3D5E61C6FF70BDEDB0F2D26BA /* PersistenceController.swift */,
				8A0EBCA4F596EAB295EC3F9424CCD96F /* TaskStore.swift */,
				642C461C24853DDE29C208FBD7BBFBD7 /* MenuBarView.swift */,
				895554FE87ADD415165648B73813450C /* PeekPanelView.swift */,
				9602B63D665015929C1458A3CBCDE9D6 /* TaskComposerView.swift */,
				72212017DFACB755272305D9F082D413 /* TaskRowView.swift */,
				34D5365FF06CA3C6449F4BC2ECB4EAE9 /* TaskSectionView.swift */,
				B5E63005422DE1DEE756ABB57BE7657A /* TaskStatusButton.swift */,
				3ABFEB153A0EFC53F1B3790952692C3B /* CornerPicker.swift */,
				7FFDC60CB3B0902E85E8B109BA0155AA /* SettingsView.swift */,
				0C031AB481569302669919C377B99E41 /* PanelUIState.swift */,
				6D2C71496DE6F6E3E72BC55B58F5E0C3 /* PeekPanel.swift */,
				EB9A54850BD52A71CF73D1F6573A23ED /* PeekPanelController.swift */,
				BD3E351EEB937BC08F6D62283B5B6454 /* SettingsWindowController.swift */,
				1D6481F44F31472D6C702803549CACA8 /* Assets.xcassets */,
				E7478662B3744A244A313104CA40437D /* Peekaboo.entitlements */,
				E85C5FC79CA28265BFD84296DC238E0B /* Info.plist */,
			);
			name = Peekaboo;
			path = Peekaboo;
			sourceTree = "<group>";
		};
		6E32D226A3217894399B4BF77E49C0BA /* OS X */ = {
			isa = PBXGroup;
			children = (
				5C91FAF3BA5B6E408F5E14B64998A11F /* Cocoa.framework */,
			);
			name = "OS X";
			sourceTree = "<group>";
		};
		6EEF6C52F364803D09C9471E8FA3E103 /* PeekabooUITests */ = {
			isa = PBXGroup;
			children = (
				37C89E71F8DFCAAC0F0C0FD46E0FDDD5 /* PeekabooUITests.swift */,
			);
			name = PeekabooUITests;
			path = PeekabooUITests;
			sourceTree = "<group>";
		};
		B2B99C2169C39863C5B25704DB17E7BD /* Frameworks */ = {
			isa = PBXGroup;
			children = (
				6E32D226A3217894399B4BF77E49C0BA /* OS X */,
			);
			name = Frameworks;
			sourceTree = "<group>";
		};
		E77068C3684120C99FC1D34055ADE4DB /* PeekabooTests */ = {
			isa = PBXGroup;
			children = (
				0887F5967F38ACADACF7F8D44A9FE9D6 /* AgentHTTPRequestTests.swift */,
				9EFAD1C7E595BE4E2FBEF992165F61A3 /* CornerHoverStateMachineTests.swift */,
				DC5C829490E30E2910C458A929A0513C /* DailyCleanupServiceTests.swift */,
				ED087F22E5A9D2FAE56A00426936C214 /* MCPRequestHandlerTests.swift */,
				5A4C508ED08E6AAC41C79E045501EF22 /* PanelGeometryTests.swift */,
				E91C22A306F47BF49D37344A7CA847C4 /* TaskStoreTests.swift */,
				6E2656CB902779D23E02E1D80CF85930 /* TestSupport.swift */,
			);
			name = PeekabooTests;
			path = PeekabooTests;
			sourceTree = "<group>";
		};
/* End PBXGroup section */

/* Begin PBXNativeTarget section */
		91BDB09E2CCE55053A520FC3E5888B62 /* PeekabooTests */ = {
			isa = PBXNativeTarget;
			buildConfigurationList = 758748FD0D0D76A38D240B9C8A0047AA /* Build configuration list for PBXNativeTarget "PeekabooTests" */;
			buildPhases = (
				D7A3BF99D79866BD3E3A6EF088452A3E /* Sources */,
				EE46EAA0358C6403B5ECF0949453010E /* Frameworks */,
				B32B9116AB29BFCC07B877834E281977 /* Resources */,
			);
			buildRules = (
			);
			dependencies = (
				4F9D6E47AD892E96BB178BD8B1DB18DE /* PBXTargetDependency */,
			);
			name = PeekabooTests;
			productName = PeekabooTests;
			productReference = CC5F338FE5BB28D838E8E545172459D8 /* PeekabooTests.xctest */;
			productType = "com.apple.product-type.bundle.unit-test";
		};
		C189D2E5002F47643543DE3429A6C0D0 /* PeekabooUITests */ = {
			isa = PBXNativeTarget;
			buildConfigurationList = 6353A196ED7C6A7F97477D6B4CE4E0DD /* Build configuration list for PBXNativeTarget "PeekabooUITests" */;
			buildPhases = (
				70C33BE4C5527E51BF16E142A9A32E7B /* Sources */,
				CBB9526FDA32BAC1CB5CC98D473DF16E /* Frameworks */,
				BA1C4AC7E542A8D61ECBC7DA0F223AB3 /* Resources */,
			);
			buildRules = (
			);
			dependencies = (
				E0439B68D105093CD5D09CD0E7995080 /* PBXTargetDependency */,
			);
			name = PeekabooUITests;
			productName = PeekabooUITests;
			productReference = FFC2155D7AF5805613DD07BA65B36359 /* PeekabooUITests.xctest */;
			productType = "com.apple.product-type.bundle.ui-testing";
		};
		EA2E0EFFE941E13C63FF1E9AE0D3D696 /* Peekaboo */ = {
			isa = PBXNativeTarget;
			buildConfigurationList = 046B0F6E478A459CB5E4CE71DCFCB4E8 /* Build configuration list for PBXNativeTarget "Peekaboo" */;
			buildPhases = (
				66238372CE920A3024D2D9E1C1DB3204 /* Sources */,
				0B80A482E53E255B86499AB9948C02A9 /* Frameworks */,
				E6DEA1864C9B351835B3264EC1C97A73 /* Resources */,
			);
			buildRules = (
			);
			dependencies = (
			);
			name = Peekaboo;
			productName = Peekaboo;
			productReference = A26E00A5F457F8DC785446F0C0960EB7 /* Peekaboo.app */;
			productType = "com.apple.product-type.application";
		};
/* End PBXNativeTarget section */

/* Begin PBXProject section */
		99F19F834991D83263BFAD44E7AB152C /* Project object */ = {
			isa = PBXProject;
			attributes = {
				LastSwiftUpdateCheck = 2660;
				LastUpgradeCheck = 2660;
			};
			buildConfigurationList = 6CB7439B139033E9E975982201483743 /* Build configuration list for PBXProject "Peekaboo" */;
			compatibilityVersion = "Xcode 16.0";
			developmentRegion = en;
			hasScannedForEncodings = 0;
			knownRegions = (
				en,
				Base,
			);
			mainGroup = 2A1497E0F502E4C3AB5B938FCD3E44EE;
			productRefGroup = 34E7E78AA6BC937FD8E1D5E46055CDC2 /* Products */;
			projectDirPath = "";
			projectRoot = "";
			targets = (
				EA2E0EFFE941E13C63FF1E9AE0D3D696 /* Peekaboo */,
				91BDB09E2CCE55053A520FC3E5888B62 /* PeekabooTests */,
				C189D2E5002F47643543DE3429A6C0D0 /* PeekabooUITests */,
			);
		};
/* End PBXProject section */

/* Begin PBXResourcesBuildPhase section */
		B32B9116AB29BFCC07B877834E281977 /* Resources */ = {
			isa = PBXResourcesBuildPhase;
			buildActionMask = 2147483647;
			files = (
			);
			runOnlyForDeploymentPostprocessing = 0;
		};
		BA1C4AC7E542A8D61ECBC7DA0F223AB3 /* Resources */ = {
			isa = PBXResourcesBuildPhase;
			buildActionMask = 2147483647;
			files = (
			);
			runOnlyForDeploymentPostprocessing = 0;
		};
		E6DEA1864C9B351835B3264EC1C97A73 /* Resources */ = {
			isa = PBXResourcesBuildPhase;
			buildActionMask = 2147483647;
			files = (
				E76C36F74029599AD5B781ECD1687F5A /* Assets.xcassets in Resources */,
			);
			runOnlyForDeploymentPostprocessing = 0;
		};
/* End PBXResourcesBuildPhase section */

/* Begin PBXSourcesBuildPhase section */
		66238372CE920A3024D2D9E1C1DB3204 /* Sources */ = {
			isa = PBXSourcesBuildPhase;
			buildActionMask = 2147483647;
			files = (
				D98852EB9B6537EDDF903C2B1E25B93F /* AppCoordinator.swift in Sources */,
				66B98E4228DD6967054CF49B7420ED33 /* AppDelegate.swift in Sources */,
				805C4B264DB545CAA15F9259C405E570 /* PeekabooApp.swift in Sources */,
				01353FA0147E3FCC41322B7B059AEF1A /* PeekabooStyle.swift in Sources */,
				5E3AE153BFBBC658055B6CB0A18B3193 /* TaskItem.swift in Sources */,
				E60AB2EEDC55386BC54479FE546729F4 /* TaskTypes.swift in Sources */,
				9EBE101A4D313B9E1C1ED89AC7E5E15A /* AgentHTTPRequest.swift in Sources */,
				77BEC2C4524963DFD0E6B70FB50C46D3 /* AgentServer.swift in Sources */,
				0673E691CE8F828F4C4D2EC845ACB879 /* AgentTaskTools.swift in Sources */,
				4087228DD17CFD64C9439E7091A834A5 /* MCPRequestHandler.swift in Sources */,
				DA3C5AB8EA794C7A5FE68A9B708D35C5 /* AppSettings.swift in Sources */,
				4C73805101E310C09F65082182B8B45D /* CornerHoverMonitor.swift in Sources */,
				711FAE4CDE6AD7FF9D946D2ADD04F955 /* CornerHoverStateMachine.swift in Sources */,
				FAAB22A82C24F45A5FFB7800FB0CBE91 /* DailyCleanupService.swift in Sources */,
				755AB68F32187F109B9B965146C1725F /* GlobalHotKey.swift in Sources */,
				90BA56146CFFC2E639522D307AB76A11 /* LoginItemService.swift in Sources */,
				1BE399F89BC4D8F5D4C6366C237491BE /* PanelGeometry.swift in Sources */,
				B11B051C557F6CF374DF574A8398078C /* PersistenceController.swift in Sources */,
				8794830FF1ED3FB9412D8DC2FD61F122 /* TaskStore.swift in Sources */,
				7A1EB8DC68ED78539C9E2DB657AFC40D /* MenuBarView.swift in Sources */,
				FE385B4CD4E1F0F6FE5FEBC566BB8D01 /* PeekPanelView.swift in Sources */,
				DEF3F3674940048215948A22A55764C3 /* TaskComposerView.swift in Sources */,
				F56E7700A5F9D3683F3E255D8B89DF03 /* TaskRowView.swift in Sources */,
				9FCB12A99A216AB6C1E9F056B8168D7C /* TaskSectionView.swift in Sources */,
				9DE43362F29A3C7A0649338ED5886659 /* TaskStatusButton.swift in Sources */,
				BEC8A2D0F552472E0B4AEA529FFC0F5E /* CornerPicker.swift in Sources */,
				3E63137CDBCEAF975D6B8C01B8573E2F /* SettingsView.swift in Sources */,
				89B9FBBE4A7CD467DA66C576CE970CDC /* PanelUIState.swift in Sources */,
				618669A8030BF3959FFB673CFFA38DC5 /* PeekPanel.swift in Sources */,
				4A4B2141E05E4110EFE1F0693B4832AB /* PeekPanelController.swift in Sources */,
				06656B7F61EBBF31617629BE562A0BAB /* SettingsWindowController.swift in Sources */,
			);
			runOnlyForDeploymentPostprocessing = 0;
		};
		70C33BE4C5527E51BF16E142A9A32E7B /* Sources */ = {
			isa = PBXSourcesBuildPhase;
			buildActionMask = 2147483647;
			files = (
				5DFE5FC243029791E760EF9E421D6676 /* PeekabooUITests.swift in Sources */,
			);
			runOnlyForDeploymentPostprocessing = 0;
		};
		D7A3BF99D79866BD3E3A6EF088452A3E /* Sources */ = {
			isa = PBXSourcesBuildPhase;
			buildActionMask = 2147483647;
			files = (
				847842DFCBCFEE316B060F44092B7554 /* AgentHTTPRequestTests.swift in Sources */,
				01DFDD96FB3FA84FF76B32BB975A9F2A /* CornerHoverStateMachineTests.swift in Sources */,
				26CFA0FD22160CC34AAB32563ACEB65D /* DailyCleanupServiceTests.swift in Sources */,
				E4C4FF5FE73926626BEB58AEA528FCA1 /* MCPRequestHandlerTests.swift in Sources */,
				9B357A9F1EB199126163CF7776346FCA /* PanelGeometryTests.swift in Sources */,
				C70958FC00474D56494DC69D572582C6 /* TaskStoreTests.swift in Sources */,
				EC7D7BF5F734F560EEEAC2F1F9C21DE1 /* TestSupport.swift in Sources */,
			);
			runOnlyForDeploymentPostprocessing = 0;
		};
/* End PBXSourcesBuildPhase section */

/* Begin PBXTargetDependency section */
		4F9D6E47AD892E96BB178BD8B1DB18DE /* PBXTargetDependency */ = {
			isa = PBXTargetDependency;
			name = Peekaboo;
			target = EA2E0EFFE941E13C63FF1E9AE0D3D696 /* Peekaboo */;
			targetProxy = 5FEDE0DC469FB55437C6B142E7FCF9F5 /* PBXContainerItemProxy */;
		};
		E0439B68D105093CD5D09CD0E7995080 /* PBXTargetDependency */ = {
			isa = PBXTargetDependency;
			name = Peekaboo;
			target = EA2E0EFFE941E13C63FF1E9AE0D3D696 /* Peekaboo */;
			targetProxy = FB1CC2C873B092882F543977897C4407 /* PBXContainerItemProxy */;
		};
/* End PBXTargetDependency section */

/* Begin XCBuildConfiguration section */
		495DBA7AD93061E4F450111CA6B39D6D /* Release */ = {
			isa = XCBuildConfiguration;
			buildSettings = {
				ASSETCATALOG_COMPILER_APPICON_NAME = AppIcon;
				ASSETCATALOG_COMPILER_GLOBAL_ACCENT_COLOR_NAME = AccentColor;
				CODE_SIGN_ENTITLEMENTS = Peekaboo/Peekaboo.entitlements;
				CODE_SIGN_STYLE = Automatic;
				COMBINE_HIDPI_IMAGES = YES;
				CURRENT_PROJECT_VERSION = 1;
				DEVELOPMENT_TEAM = HR24WHR326;
				ENABLE_APP_SANDBOX = YES;
				ENABLE_HARDENED_RUNTIME = YES;
				GENERATE_INFOPLIST_FILE = NO;
				INFOPLIST_FILE = Peekaboo/Info.plist;
				LD_RUNPATH_SEARCH_PATHS = (
					"$(inherited)",
					"@executable_path/../Frameworks",
				);
				MACOSX_DEPLOYMENT_TARGET = 14.0;
				MARKETING_VERSION = 1.0;
				PRODUCT_BUNDLE_IDENTIFIER = com.emanueledipietro.Peekaboo;
				PRODUCT_NAME = "$(TARGET_NAME)";
				SDKROOT = macosx;
				SWIFT_EMIT_LOC_STRINGS = YES;
				SWIFT_STRICT_CONCURRENCY = minimal;
				SWIFT_VERSION = 5.0;
			};
			name = Release;
		};
		5329DCAE265383847C45BFA1088DDE90 /* Debug */ = {
			isa = XCBuildConfiguration;
			buildSettings = {
				ASSETCATALOG_COMPILER_APPICON_NAME = AppIcon;
				ASSETCATALOG_COMPILER_GLOBAL_ACCENT_COLOR_NAME = AccentColor;
				CODE_SIGN_ENTITLEMENTS = Peekaboo/Peekaboo.entitlements;
				CODE_SIGN_STYLE = Automatic;
				COMBINE_HIDPI_IMAGES = YES;
				CURRENT_PROJECT_VERSION = 1;
				DEVELOPMENT_TEAM = HR24WHR326;
				ENABLE_APP_SANDBOX = YES;
				ENABLE_HARDENED_RUNTIME = YES;
				GENERATE_INFOPLIST_FILE = NO;
				INFOPLIST_FILE = Peekaboo/Info.plist;
				LD_RUNPATH_SEARCH_PATHS = (
					"$(inherited)",
					"@executable_path/../Frameworks",
				);
				MACOSX_DEPLOYMENT_TARGET = 14.0;
				MARKETING_VERSION = 1.0;
				PRODUCT_BUNDLE_IDENTIFIER = com.emanueledipietro.Peekaboo;
				PRODUCT_NAME = "$(TARGET_NAME)";
				SDKROOT = macosx;
				SWIFT_EMIT_LOC_STRINGS = YES;
				SWIFT_STRICT_CONCURRENCY = minimal;
				SWIFT_VERSION = 5.0;
			};
			name = Debug;
		};
		662D53337DACE2E005902BB51A17CBA9 /* Release */ = {
			isa = XCBuildConfiguration;
			buildSettings = {
				GENERATE_INFOPLIST_FILE = YES;
				MACOSX_DEPLOYMENT_TARGET = 14.0;
				PRODUCT_BUNDLE_IDENTIFIER = com.emanueledipietro.PeekabooUITests;
				SDKROOT = macosx;
				SWIFT_STRICT_CONCURRENCY = minimal;
				SWIFT_VERSION = 5.0;
				TEST_TARGET_NAME = Peekaboo;
			};
			name = Release;
		};
		96F024D0DA08E65D47D1797EFE79E598 /* Release */ = {
			isa = XCBuildConfiguration;
			buildSettings = {
				BUNDLE_LOADER = "$(TEST_HOST)";
				GENERATE_INFOPLIST_FILE = YES;
				MACOSX_DEPLOYMENT_TARGET = 14.0;
				PRODUCT_BUNDLE_IDENTIFIER = com.emanueledipietro.PeekabooTests;
				SDKROOT = macosx;
				SWIFT_STRICT_CONCURRENCY = minimal;
				SWIFT_VERSION = 5.0;
				TEST_HOST = "$(BUILT_PRODUCTS_DIR)/Peekaboo.app/Contents/MacOS/Peekaboo";
			};
			name = Release;
		};
		A7CD360F6BA555912469D7135F2E38D3 /* Debug */ = {
			isa = XCBuildConfiguration;
			buildSettings = {
				GENERATE_INFOPLIST_FILE = YES;
				MACOSX_DEPLOYMENT_TARGET = 14.0;
				PRODUCT_BUNDLE_IDENTIFIER = com.emanueledipietro.PeekabooUITests;
				SDKROOT = macosx;
				SWIFT_STRICT_CONCURRENCY = minimal;
				SWIFT_VERSION = 5.0;
				TEST_TARGET_NAME = Peekaboo;
			};
			name = Debug;
		};
		A9B54BC1BE31C3347A262A16B5A9829C /* Debug */ = {
			isa = XCBuildConfiguration;
			buildSettings = {
				BUNDLE_LOADER = "$(TEST_HOST)";
				GENERATE_INFOPLIST_FILE = YES;
				MACOSX_DEPLOYMENT_TARGET = 14.0;
				PRODUCT_BUNDLE_IDENTIFIER = com.emanueledipietro.PeekabooTests;
				SDKROOT = macosx;
				SWIFT_STRICT_CONCURRENCY = minimal;
				SWIFT_VERSION = 5.0;
				TEST_HOST = "$(BUILT_PRODUCTS_DIR)/Peekaboo.app/Contents/MacOS/Peekaboo";
			};
			name = Debug;
		};
		CD77E8BBE894E0A2E0F5BC846ED68373 /* Release */ = {
			isa = XCBuildConfiguration;
			buildSettings = {
				ALWAYS_SEARCH_USER_PATHS = NO;
				CLANG_ANALYZER_NONNULL = YES;
				CLANG_ANALYZER_NUMBER_OBJECT_CONVERSION = YES_AGGRESSIVE;
				CLANG_CXX_LANGUAGE_STANDARD = "gnu++14";
				CLANG_CXX_LIBRARY = "libc++";
				CLANG_ENABLE_MODULES = YES;
				CLANG_ENABLE_OBJC_ARC = YES;
				CLANG_ENABLE_OBJC_WEAK = YES;
				CLANG_WARN_BLOCK_CAPTURE_AUTORELEASING = YES;
				CLANG_WARN_BOOL_CONVERSION = YES;
				CLANG_WARN_COMMA = YES;
				CLANG_WARN_CONSTANT_CONVERSION = YES;
				CLANG_WARN_DEPRECATED_OBJC_IMPLEMENTATIONS = YES;
				CLANG_WARN_DIRECT_OBJC_ISA_USAGE = YES_ERROR;
				CLANG_WARN_DOCUMENTATION_COMMENTS = YES;
				CLANG_WARN_EMPTY_BODY = YES;
				CLANG_WARN_ENUM_CONVERSION = YES;
				CLANG_WARN_INFINITE_RECURSION = YES;
				CLANG_WARN_INT_CONVERSION = YES;
				CLANG_WARN_NON_LITERAL_NULL_CONVERSION = YES;
				CLANG_WARN_OBJC_IMPLICIT_RETAIN_SELF = YES;
				CLANG_WARN_OBJC_LITERAL_CONVERSION = YES;
				CLANG_WARN_OBJC_ROOT_CLASS = YES_ERROR;
				CLANG_WARN_QUOTED_INCLUDE_IN_FRAMEWORK_HEADER = YES;
				CLANG_WARN_RANGE_LOOP_ANALYSIS = YES;
				CLANG_WARN_STRICT_PROTOTYPES = YES;
				CLANG_WARN_SUSPICIOUS_MOVE = YES;
				CLANG_WARN_UNGUARDED_AVAILABILITY = YES_AGGRESSIVE;
				CLANG_WARN_UNREACHABLE_CODE = YES;
				CLANG_WARN__DUPLICATE_METHOD_MATCH = YES;
				COPY_PHASE_STRIP = NO;
				DEBUG_INFORMATION_FORMAT = "dwarf-with-dsym";
				ENABLE_NS_ASSERTIONS = NO;
				ENABLE_STRICT_OBJC_MSGSEND = YES;
				GCC_C_LANGUAGE_STANDARD = gnu11;
				GCC_NO_COMMON_BLOCKS = YES;
				GCC_WARN_64_TO_32_BIT_CONVERSION = YES;
				GCC_WARN_ABOUT_RETURN_TYPE = YES_ERROR;
				GCC_WARN_UNDECLARED_SELECTOR = YES;
				GCC_WARN_UNINITIALIZED_AUTOS = YES_AGGRESSIVE;
				GCC_WARN_UNUSED_FUNCTION = YES;
				GCC_WARN_UNUSED_VARIABLE = YES;
				MACOSX_DEPLOYMENT_TARGET = 14.0;
				MTL_ENABLE_DEBUG_INFO = NO;
				MTL_FAST_MATH = YES;
				PRODUCT_NAME = "$(TARGET_NAME)";
				SWIFT_COMPILATION_MODE = wholemodule;
				SWIFT_OPTIMIZATION_LEVEL = "-O";
				SWIFT_VERSION = 5.0;
			};
			name = Release;
		};
		D6FF314E1896B0B0AE9C2D640F4CC8C0 /* Debug */ = {
			isa = XCBuildConfiguration;
			buildSettings = {
				ALWAYS_SEARCH_USER_PATHS = NO;
				CLANG_ANALYZER_NONNULL = YES;
				CLANG_ANALYZER_NUMBER_OBJECT_CONVERSION = YES_AGGRESSIVE;
				CLANG_CXX_LANGUAGE_STANDARD = "gnu++14";
				CLANG_CXX_LIBRARY = "libc++";
				CLANG_ENABLE_MODULES = YES;
				CLANG_ENABLE_OBJC_ARC = YES;
				CLANG_ENABLE_OBJC_WEAK = YES;
				CLANG_WARN_BLOCK_CAPTURE_AUTORELEASING = YES;
				CLANG_WARN_BOOL_CONVERSION = YES;
				CLANG_WARN_COMMA = YES;
				CLANG_WARN_CONSTANT_CONVERSION = YES;
				CLANG_WARN_DEPRECATED_OBJC_IMPLEMENTATIONS = YES;
				CLANG_WARN_DIRECT_OBJC_ISA_USAGE = YES_ERROR;
				CLANG_WARN_DOCUMENTATION_COMMENTS = YES;
				CLANG_WARN_EMPTY_BODY = YES;
				CLANG_WARN_ENUM_CONVERSION = YES;
				CLANG_WARN_INFINITE_RECURSION = YES;
				CLANG_WARN_INT_CONVERSION = YES;
				CLANG_WARN_NON_LITERAL_NULL_CONVERSION = YES;
				CLANG_WARN_OBJC_IMPLICIT_RETAIN_SELF = YES;
				CLANG_WARN_OBJC_LITERAL_CONVERSION = YES;
				CLANG_WARN_OBJC_ROOT_CLASS = YES_ERROR;
				CLANG_WARN_QUOTED_INCLUDE_IN_FRAMEWORK_HEADER = YES;
				CLANG_WARN_RANGE_LOOP_ANALYSIS = YES;
				CLANG_WARN_STRICT_PROTOTYPES = YES;
				CLANG_WARN_SUSPICIOUS_MOVE = YES;
				CLANG_WARN_UNGUARDED_AVAILABILITY = YES_AGGRESSIVE;
				CLANG_WARN_UNREACHABLE_CODE = YES;
				CLANG_WARN__DUPLICATE_METHOD_MATCH = YES;
				COPY_PHASE_STRIP = NO;
				DEBUG_INFORMATION_FORMAT = dwarf;
				ENABLE_STRICT_OBJC_MSGSEND = YES;
				ENABLE_TESTABILITY = YES;
				GCC_C_LANGUAGE_STANDARD = gnu11;
				GCC_DYNAMIC_NO_PIC = NO;
				GCC_NO_COMMON_BLOCKS = YES;
				GCC_OPTIMIZATION_LEVEL = 0;
				GCC_PREPROCESSOR_DEFINITIONS = (
					"DEBUG=1",
					"$(inherited)",
				);
				GCC_WARN_64_TO_32_BIT_CONVERSION = YES;
				GCC_WARN_ABOUT_RETURN_TYPE = YES_ERROR;
				GCC_WARN_UNDECLARED_SELECTOR = YES;
				GCC_WARN_UNINITIALIZED_AUTOS = YES_AGGRESSIVE;
				GCC_WARN_UNUSED_FUNCTION = YES;
				GCC_WARN_UNUSED_VARIABLE = YES;
				MACOSX_DEPLOYMENT_TARGET = 14.0;
				MTL_ENABLE_DEBUG_INFO = INCLUDE_SOURCE;
				MTL_FAST_MATH = YES;
				ONLY_ACTIVE_ARCH = YES;
				PRODUCT_NAME = "$(TARGET_NAME)";
				SWIFT_ACTIVE_COMPILATION_CONDITIONS = DEBUG;
				SWIFT_OPTIMIZATION_LEVEL = "-Onone";
				SWIFT_VERSION = 5.0;
			};
			name = Debug;
		};
/* End XCBuildConfiguration section */

/* Begin XCConfigurationList section */
		046B0F6E478A459CB5E4CE71DCFCB4E8 /* Build configuration list for PBXNativeTarget "Peekaboo" */ = {
			isa = XCConfigurationList;
			buildConfigurations = (
				495DBA7AD93061E4F450111CA6B39D6D /* Release */,
				5329DCAE265383847C45BFA1088DDE90 /* Debug */,
			);
			defaultConfigurationIsVisible = 0;
			defaultConfigurationName = Release;
		};
		6353A196ED7C6A7F97477D6B4CE4E0DD /* Build configuration list for PBXNativeTarget "PeekabooUITests" */ = {
			isa = XCConfigurationList;
			buildConfigurations = (
				662D53337DACE2E005902BB51A17CBA9 /* Release */,
				A7CD360F6BA555912469D7135F2E38D3 /* Debug */,
			);
			defaultConfigurationIsVisible = 0;
			defaultConfigurationName = Release;
		};
		6CB7439B139033E9E975982201483743 /* Build configuration list for PBXProject "Peekaboo" */ = {
			isa = XCConfigurationList;
			buildConfigurations = (
				D6FF314E1896B0B0AE9C2D640F4CC8C0 /* Debug */,
				CD77E8BBE894E0A2E0F5BC846ED68373 /* Release */,
			);
			defaultConfigurationIsVisible = 0;
			defaultConfigurationName = Release;
		};
		758748FD0D0D76A38D240B9C8A0047AA /* Build configuration list for PBXNativeTarget "PeekabooTests" */ = {
			isa = XCConfigurationList;
			buildConfigurations = (
				96F024D0DA08E65D47D1797EFE79E598 /* Release */,
				A9B54BC1BE31C3347A262A16B5A9829C /* Debug */,
			);
			defaultConfigurationIsVisible = 0;
			defaultConfigurationName = Release;
		};
/* End XCConfigurationList section */
	};
	rootObject = 99F19F834991D83263BFAD44E7AB152C /* Project object */;
}
